// !$*UTF8*$!
{
	archiveVersion = 1;
	classes = {
	};
	objectVersion = 46;
	objects = {

/* Begin PBXBuildFile section */
		CA55303F1C7E126100511118 /* AppDelegate.swift in Sources */ = {isa = PBXBuildFile; fileRef = CA55303E1C7E126100511118 /* AppDelegate.swift */; };
		CA5530411C7E126100511118 /* APIController.swift in Sources */ = {isa = PBXBuildFile; fileRef = CA5530401C7E126100511118 /* APIController.swift */; };
		CA5530441C7E126100511118 /* Main.storyboard in Resources */ = {isa = PBXBuildFile; fileRef = CA5530421C7E126100511118 /* Main.storyboard */; };
		CA5530461C7E126100511118 /* Assets.xcassets in Resources */ = {isa = PBXBuildFile; fileRef = CA5530451C7E126100511118 /* Assets.xcassets */; };
		CA5530491C7E126100511118 /* LaunchScreen.storyboard in Resources */ = {isa = PBXBuildFile; fileRef = CA5530471C7E126100511118 /* LaunchScreen.storyboard */; };
		CAC2E6971C7E14B8006CB5AA /* LoginViewController.swift in Sources */ = {isa = PBXBuildFile; fileRef = CAC2E6961C7E14B8006CB5AA /* LoginViewController.swift */; };
		CAC2E69B1C7E15D3006CB5AA /* Constants.swift in Sources */ = {isa = PBXBuildFile; fileRef = CAC2E69A1C7E15D3006CB5AA /* Constants.swift */; };
		CAC2E6A01C7E17B4006CB5AA /* User.swift in Sources */ = {isa = PBXBuildFile; fileRef = CAC2E69F1C7E17B4006CB5AA /* User.swift */; };
		CAC2E6A21C7E1A83006CB5AA /* TheBossProtocol.swift in Sources */ = {isa = PBXBuildFile; fileRef = CAC2E6A11C7E1A83006CB5AA /* TheBossProtocol.swift */; };
/* End PBXBuildFile section */

/* Begin PBXFileReference section */
		CA55303B1C7E126100511118 /* BossSecretaryApp.app */ = {isa = PBXFileReference; explicitFileType = wrapper.application; includeInIndex = 0; path = BossSecretaryApp.app; sourceTree = BUILT_PRODUCTS_DIR; };
		CA55303E1C7E126100511118 /* AppDelegate.swift */ = {isa = PBXFileReference; lastKnownFileType = sourcecode.swift; path = AppDelegate.swift; sourceTree = "<group>"; };
		CA5530401C7E126100511118 /* APIController.swift */ = {isa = PBXFileReference; lastKnownFileType = sourcecode.swift; path = APIController.swift; sourceTree = "<group>"; };
		CA5530431C7E126100511118 /* Base */ = {isa = PBXFileReference; lastKnownFileType = file.storyboard; name = Base; path = Base.lproj/Main.storyboard; sourceTree = "<group>"; };
		CA5530451C7E126100511118 /* Assets.xcassets */ = {isa = PBXFileReference; lastKnownFileType = folder.assetcatalog; path = Assets.xcassets; sourceTree = "<group>"; };
		CA5530481C7E126100511118 /* Base */ = {isa = PBXFileReference; lastKnownFileType = file.storyboard; name = Base; path = Base.lproj/LaunchScreen.storyboard; sourceTree = "<group>"; };
		CA55304A1C7E126100511118 /* Info.plist */ = {isa = PBXFileReference; lastKnownFileType = text.plist.xml; path = Info.plist; sourceTree = "<group>"; };
		CAC2E6961C7E14B8006CB5AA /* LoginViewController.swift */ = {isa = PBXFileReference; fileEncoding = 4; lastKnownFileType = sourcecode.swift; path = LoginViewController.swift; sourceTree = "<group>"; };
		CAC2E69A1C7E15D3006CB5AA /* Constants.swift */ = {isa = PBXFileReference; fileEncoding = 4; lastKnownFileType = sourcecode.swift; path = Constants.swift; sourceTree = "<group>"; };
		CAC2E69F1C7E17B4006CB5AA /* User.swift */ = {isa = PBXFileReference; fileEncoding = 4; lastKnownFileType = sourcecode.swift; path = User.swift; sourceTree = "<group>"; };
		CAC2E6A11C7E1A83006CB5AA /* TheBossProtocol.swift */ = {isa = PBXFileReference; fileEncoding = 4; lastKnownFileType = sourcecode.swift; path = TheBossProtocol.swift; sourceTree = "<group>"; };
/* End PBXFileReference section */

/* Begin PBXFrameworksBuildPhase section */
		CA5530381C7E126100511118 /* Frameworks */ = {
			isa = PBXFrameworksBuildPhase;
			buildActionMask = 2147483647;
			files = (
			);
			runOnlyForDeploymentPostprocessing = 0;
		};
/* End PBXFrameworksBuildPhase section */

/* Begin PBXGroup section */
		CA5530321C7E126100511118 = {
			isa = PBXGroup;
			children = (
				CA55303D1C7E126100511118 /* BossSecretaryApp */,
				CA55303C1C7E126100511118 /* Products */,
			);
			sourceTree = "<group>";
		};
		CA55303C1C7E126100511118 /* Products */ = {
			isa = PBXGroup;
			children = (
				CA55303B1C7E126100511118 /* BossSecretaryApp.app */,
			);
			name = Products;
			sourceTree = "<group>";
		};
		CA55303D1C7E126100511118 /* BossSecretaryApp */ = {
			isa = PBXGroup;
			children = (
				CA55303E1C7E126100511118 /* AppDelegate.swift */,
				CAC2E69A1C7E15D3006CB5AA /* Constants.swift */,
				CAC2E6A11C7E1A83006CB5AA /* TheBossProtocol.swift */,
				CAC2E69D1C7E1641006CB5AA /* Models */,
				CAC2E69E1C7E1677006CB5AA /* Views */,
				CAC2E69C1C7E1622006CB5AA /* ViewControllers */,
				CA5530421C7E126100511118 /* Main.storyboard */,
				CA5530451C7E126100511118 /* Assets.xcassets */,
				CA5530471C7E126100511118 /* LaunchScreen.storyboard */,
				CA55304A1C7E126100511118 /* Info.plist */,
			);
			path = BossSecretaryApp;
			sourceTree = "<group>";
		};
		CAC2E69C1C7E1622006CB5AA /* ViewControllers */ = {
			isa = PBXGroup;
			children = (
				CA5530401C7E126100511118 /* APIController.swift */,
				CAC2E6961C7E14B8006CB5AA /* LoginViewController.swift */,
			);
			name = ViewControllers;
			sourceTree = "<group>";
		};
		CAC2E69D1C7E1641006CB5AA /* Models */ = {
			isa = PBXGroup;
			children = (
				CAC2E69F1C7E17B4006CB5AA /* User.swift */,
			);
			name = Models;
			sourceTree = "<group>";
		};
		CAC2E69E1C7E1677006CB5AA /* Views */ = {
			isa = PBXGroup;
			children = (
			);
			name = Views;
			sourceTree = "<group>";
		};
/* End PBXGroup section */

/* Begin PBXNativeTarget section */
		CA55303A1C7E126100511118 /* BossSecretaryApp */ = {
			isa = PBXNativeTarget;
			buildConfigurationList = CA55304D1C7E126100511118 /* Build configuration list for PBXNativeTarget "BossSecretaryApp" */;
			buildPhases = (
				CA5530371C7E126100511118 /* Sources */,
				CA5530381C7E126100511118 /* Frameworks */,
				CA5530391C7E126100511118 /* Resources */,
			);
			buildRules = (
			);
			dependencies = (
			);
			name = BossSecretaryApp;
			productName = BossSecretaryApp;
			productReference = CA55303B1C7E126100511118 /* BossSecretaryApp.app */;
			productType = "com.apple.product-type.application";
		};
/* End PBXNativeTarget section */

/* Begin PBXProject section */
		CA5530331C7E126100511118 /* Project object */ = {
			isa = PBXProject;
			attributes = {
				LastSwiftUpdateCheck = 0720;
				LastUpgradeCheck = 0720;
				ORGANIZATIONNAME = "Bronson Dupaix";
				TargetAttributes = {
					CA55303A1C7E126100511118 = {
						CreatedOnToolsVersion = 7.2.1;
						DevelopmentTeam = R99S6E3AYJ;
					};
				};
			};
			buildConfigurationList = CA5530361C7E126100511118 /* Build configuration list for PBXProject "BossSecretaryApp" */;
			compatibilityVersion = "Xcode 3.2";
			developmentRegion = English;
			hasScannedForEncodings = 0;
			knownRegions = (
				en,
				Base,
			);
			mainGroup = CA5530321C7E126100511118;
			productRefGroup = CA55303C1C7E126100511118 /* Products */;
			projectDirPath = "";
			projectRoot = "";
			targets = (
				CA55303A1C7E126100511118 /* BossSecretaryApp */,
			);
		};
/* End PBXProject section */

/* Begin PBXResourcesBuildPhase section */
		CA5530391C7E126100511118 /* Resources */ = {
			isa = PBXResourcesBuildPhase;
			buildActionMask = 2147483647;
			files = (
				CA5530491C7E126100511118 /* LaunchScreen.storyboard in Resources */,
				CA5530461C7E126100511118 /* Assets.xcassets in Resources */,
				CA5530441C7E126100511118 /* Main.storyboard in Resources */,
			);
			runOnlyForDeploymentPostprocessing = 0;
		};
/* End PBXResourcesBuildPhase section */

/* Begin PBXSourcesBuildPhase section */
		CA5530371C7E126100511118 /* Sources */ = {
			isa = PBXSourcesBuildPhase;
			buildActionMask = 2147483647;
			files = (
				CAC2E69B1C7E15D3006CB5AA /* Constants.swift in Sources */,
				CAC2E6971C7E14B8006CB5AA /* LoginViewController.swift in Sources */,
				CA5530411C7E126100511118 /* APIController.swift in Sources */,
				CA55303F1C7E126100511118 /* AppDelegate.swift in Sources */,
				CAC2E6A21C7E1A83006CB5AA /* TheBossProtocol.swift in Sources */,
				CAC2E6A01C7E17B4006CB5AA /* User.swift in Sources */,
			);
			runOnlyForDeploymentPostprocessing = 0;
		};
/* End PBXSourcesBuildPhase section */

/* Begin PBXVariantGroup section */
		CA5530421C7E126100511118 /* Main.storyboard */ = {
			isa = PBXVariantGroup;
			children = (
				CA5530431C7E126100511118 /* Base */,
			);
			name = Main.storyboard;
			sourceTree = "<group>";
		};
		CA5530471C7E126100511118 /* LaunchScreen.storyboard */ = {
			isa = PBXVariantGroup;
			children = (
				CA5530481C7E126100511118 /* Base */,
			);
			name = LaunchScreen.storyboard;
			sourceTree = "<group>";
		};
/* End PBXVariantGroup section */

/* Begin XCBuildConfiguration section */
		CA55304B1C7E126100511118 /* Debug */ = {
			isa = XCBuildConfiguration;
			buildSettings = {
				ALWAYS_SEARCH_USER_PATHS = NO;
				CLANG_CXX_LANGUAGE_STANDARD = "gnu++0x";
				CLANG_CXX_LIBRARY = "libc++";
				CLANG_ENABLE_MODULES = YES;
				CLANG_ENABLE_OBJC_ARC = YES;
				CLANG_WARN_BOOL_CONVERSION = YES;
				CLANG_WARN_CONSTANT_CONVERSION = YES;
				CLANG_WARN_DIRECT_OBJC_ISA_USAGE = YES_ERROR;
				CLANG_WARN_EMPTY_BODY = YES;
				CLANG_WARN_ENUM_CONVERSION = YES;
				CLANG_WARN_INT_CONVERSION = YES;
				CLANG_WARN_OBJC_ROOT_CLASS = YES_ERROR;
				CLANG_WARN_UNREACHABLE_CODE = YES;
				CLANG_WARN__DUPLICATE_METHOD_MATCH = YES;
				"CODE_SIGN_IDENTITY[sdk=iphoneos*]" = "iPhone Developer";
				COPY_PHASE_STRIP = NO;
				DEBUG_INFORMATION_FORMAT = dwarf;
				ENABLE_STRICT_OBJC_MSGSEND = YES;
				ENABLE_TESTABILITY = YES;
				GCC_C_LANGUAGE_STANDARD = gnu99;
				GCC_DYNAMIC_NO_PIC = NO;
				GCC_NO_COMMON_BLOCKS = YES;
				GCC_OPTIMIZATION_LEVEL = 0;
				GCC_PREPROCESSOR_DEFINITIONS = (
					"DEBUG=1",
					"$(inherited)",
				);
				GCC_WARN_64_TO_32_BIT_CONVERSION = YES;
				GCC_WARN_ABOUT_RETURN_TYPE = YES_ERROR;
				GCC_WARN_UNDECLARED_SELECTOR = YES;
				GCC_WARN_UNINITIALIZED_AUTOS = YES_AGGRESSIVE;
				GCC_WARN_UNUSED_FUNCTION = YES;
				GCC_WARN_UNUSED_VARIABLE = YES;
				IPHONEOS_DEPLOYMENT_TARGET = 9.2;
				MTL_ENABLE_DEBUG_INFO = YES;
				ONLY_ACTIVE_ARCH = YES;
				SDKROOT = iphoneos;
				SWIFT_OPTIMIZATION_LEVEL = "-Onone";
				TARGETED_DEVICE_FAMILY = "1,2";
			};
			name = Debug;
		};
		CA55304C1C7E126100511118 /* Release */ = {
			isa = XCBuildConfiguration;
			buildSettings = {
				ALWAYS_SEARCH_USER_PATHS = NO;
				CLANG_CXX_LANGUAGE_STANDARD = "gnu++0x";
				CLANG_CXX_LIBRARY = "libc++";
				CLANG_ENABLE_MODULES = YES;
				CLANG_ENABLE_OBJC_ARC = YES;
				CLANG_WARN_BOOL_CONVERSION = YES;
				CLANG_WARN_CONSTANT_CONVERSION = YES;
				CLANG_WARN_DIRECT_OBJC_ISA_USAGE = YES_ERROR;
				CLANG_WARN_EMPTY_BODY = YES;
				CLANG_WARN_ENUM_CONVERSION = YES;
				CLANG_WARN_INT_CONVERSION = YES;
				CLANG_WARN_OBJC_ROOT_CLASS = YES_ERROR;
				CLANG_WARN_UNREACHABLE_CODE = YES;
				CLANG_WARN__DUPLICATE_METHOD_MATCH = YES;
				"CODE_SIGN_IDENTITY[sdk=iphoneos*]" = "iPhone Developer";
				COPY_PHASE_STRIP = NO;
				DEBUG_INFORMATION_FORMAT = "dwarf-with-dsym";
				ENABLE_NS_ASSERTIONS = NO;
				ENABLE_STRICT_OBJC_MSGSEND = YES;
				GCC_C_LANGUAGE_STANDARD = gnu99;
				GCC_NO_COMMON_BLOCKS = YES;
				GCC_WARN_64_TO_32_BIT_CONVERSION = YES;
				GCC_WARN_ABOUT_RETURN_TYPE = YES_ERROR;
				GCC_WARN_UNDECLARED_SELECTOR = YES;
				GCC_WARN_UNINITIALIZED_AUTOS = YES_AGGRESSIVE;
				GCC_WARN_UNUSED_FUNCTION = YES;
				GCC_WARN_UNUSED_VARIABLE = YES;
				IPHONEOS_DEPLOYMENT_TARGET = 9.2;
				MTL_ENABLE_DEBUG_INFO = NO;
				SDKROOT = iphoneos;
				TARGETED_DEVICE_FAMILY = "1,2";
				VALIDATE_PRODUCT = YES;
			};
			name = Release;
		};
		CA55304E1C7E126100511118 /* Debug */ = {
			isa = XCBuildConfiguration;
			buildSettings = {
				ASSETCATALOG_COMPILER_APPICON_NAME = AppIcon;
				INFOPLIST_FILE = BossSecretaryApp/Info.plist;
				LD_RUNPATH_SEARCH_PATHS = "$(inherited) @executable_path/Frameworks";
				PRODUCT_BUNDLE_IDENTIFIER = BronxDupaix.BossSecretaryApp;
				PRODUCT_NAME = "$(TARGET_NAME)";
			};
			name = Debug;
		};
		CA55304F1C7E126100511118 /* Release */ = {
			isa = XCBuildConfiguration;
			buildSettings = {
				ASSETCATALOG_COMPILER_APPICON_NAME = AppIcon;
				INFOPLIST_FILE = BossSecretaryApp/Info.plist;
				LD_RUNPATH_SEARCH_PATHS = "$(inherited) @executable_path/Frameworks";
				PRODUCT_BUNDLE_IDENTIFIER = BronxDupaix.BossSecretaryApp;
				PRODUCT_NAME = "$(TARGET_NAME)";
			};
			name = Release;
		};
/* End XCBuildConfiguration section */

/* Begin XCConfigurationList section */
		CA5530361C7E126100511118 /* Build configuration list for PBXProject "BossSecretaryApp" */ = {
			isa = XCConfigurationList;
			buildConfigurations = (
				CA55304B1C7E126100511118 /* Debug */,
				CA55304C1C7E126100511118 /* Release */,
			);
			defaultConfigurationIsVisible = 0;
			defaultConfigurationName = Release;
		};
		CA55304D1C7E126100511118 /* Build configuration list for PBXNativeTarget "BossSecretaryApp" */ = {
			isa = XCConfigurationList;
			buildConfigurations = (
				CA55304E1C7E126100511118 /* Debug */,
				CA55304F1C7E126100511118 /* Release */,
			);
			defaultConfigurationIsVisible = 0;
			defaultConfigurationName = Release;
		};
/* End XCConfigurationList section */
	};
	rootObject = CA5530331C7E126100511118 /* Project object */;
}
