// !$*UTF8*$!
{
	archiveVersion = 1;
	classes = {
	};
	objectVersion = 46;
	objects = {

/* Begin PBXBuildFile section */
		CAF0B3471C6BA0BE00F200C4 /* AppDelegate.swift in Sources */ = {isa = PBXBuildFile; fileRef = CAF0B3461C6BA0BE00F200C4 /* AppDelegate.swift */; };
		CAF0B3491C6BA0BE00F200C4 /* ViewController.swift in Sources */ = {isa = PBXBuildFile; fileRef = CAF0B3481C6BA0BE00F200C4 /* ViewController.swift */; };
		CAF0B34C1C6BA0BE00F200C4 /* Main.storyboard in Resources */ = {isa = PBXBuildFile; fileRef = CAF0B34A1C6BA0BE00F200C4 /* Main.storyboard */; };
		CAF0B34E1C6BA0BE00F200C4 /* Assets.xcassets in Resources */ = {isa = PBXBuildFile; fileRef = CAF0B34D1C6BA0BE00F200C4 /* Assets.xcassets */; };
		CAF0B3511C6BA0BE00F200C4 /* LaunchScreen.storyboard in Resources */ = {isa = PBXBuildFile; fileRef = CAF0B34F1C6BA0BE00F200C4 /* LaunchScreen.storyboard */; };
/* End PBXBuildFile section */

/* Begin PBXFileReference section */
		CAF0B3431C6BA0BE00F200C4 /* AutoLayout-101.app */ = {isa = PBXFileReference; explicitFileType = wrapper.application; includeInIndex = 0; path = "AutoLayout-101.app"; sourceTree = BUILT_PRODUCTS_DIR; };
		CAF0B3461C6BA0BE00F200C4 /* AppDelegate.swift */ = {isa = PBXFileReference; lastKnownFileType = sourcecode.swift; path = AppDelegate.swift; sourceTree = "<group>"; };
		CAF0B3481C6BA0BE00F200C4 /* ViewController.swift */ = {isa = PBXFileReference; lastKnownFileType = sourcecode.swift; path = ViewController.swift; sourceTree = "<group>"; };
		CAF0B34B1C6BA0BE00F200C4 /* Base */ = {isa = PBXFileReference; lastKnownFileType = file.storyboard; name = Base; path = Base.lproj/Main.storyboard; sourceTree = "<group>"; };
		CAF0B34D1C6BA0BE00F200C4 /* Assets.xcassets */ = {isa = PBXFileReference; lastKnownFileType = folder.assetcatalog; path = Assets.xcassets; sourceTree = "<group>"; };
		CAF0B3501C6BA0BE00F200C4 /* Base */ = {isa = PBXFileReference; lastKnownFileType = file.storyboard; name = Base; path = Base.lproj/LaunchScreen.storyboard; sourceTree = "<group>"; };
		CAF0B3521C6BA0BE00F200C4 /* Info.plist */ = {isa = PBXFileReference; lastKnownFileType = text.plist.xml; path = Info.plist; sourceTree = "<group>"; };
/* End PBXFileReference section */

/* Begin PBXFrameworksBuildPhase section */
		CAF0B3401C6BA0BE00F200C4 /* Frameworks */ = {
			isa = PBXFrameworksBuildPhase;
			buildActionMask = 2147483647;
			files = (
			);
			runOnlyForDeploymentPostprocessing = 0;
		};
/* End PBXFrameworksBuildPhase section */

/* Begin PBXGroup section */
		CAF0B33A1C6BA0BE00F200C4 = {
			isa = PBXGroup;
			children = (
				CAF0B3451C6BA0BE00F200C4 /* AutoLayout-101 */,
				CAF0B3441C6BA0BE00F200C4 /* Products */,
			);
			sourceTree = "<group>";
		};
		CAF0B3441C6BA0BE00F200C4 /* Products */ = {
			isa = PBXGroup;
			children = (
				CAF0B3431C6BA0BE00F200C4 /* AutoLayout-101.app */,
			);
			name = Products;
			sourceTree = "<group>";
		};
		CAF0B3451C6BA0BE00F200C4 /* AutoLayout-101 */ = {
			isa = PBXGroup;
			children = (
				CAF0B3461C6BA0BE00F200C4 /* AppDelegate.swift */,
				CAF0B3481C6BA0BE00F200C4 /* ViewController.swift */,
				CAF0B34A1C6BA0BE00F200C4 /* Main.storyboard */,
				CAF0B34D1C6BA0BE00F200C4 /* Assets.xcassets */,
				CAF0B34F1C6BA0BE00F200C4 /* LaunchScreen.storyboard */,
				CAF0B3521C6BA0BE00F200C4 /* Info.plist */,
			);
			path = "AutoLayout-101";
			sourceTree = "<group>";
		};
/* End PBXGroup section */

/* Begin PBXNativeTarget section */
		CAF0B3421C6BA0BE00F200C4 /* AutoLayout-101 */ = {
			isa = PBXNativeTarget;
			buildConfigurationList = CAF0B3551C6BA0BE00F200C4 /* Build configuration list for PBXNativeTarget "AutoLayout-101" */;
			buildPhases = (
				CAF0B33F1C6BA0BE00F200C4 /* Sources */,
				CAF0B3401C6BA0BE00F200C4 /* Frameworks */,
				CAF0B3411C6BA0BE00F200C4 /* Resources */,
			);
			buildRules = (
			);
			dependencies = (
			);
			name = "AutoLayout-101";
			productName = "AutoLayout-101";
			productReference = CAF0B3431C6BA0BE00F200C4 /* AutoLayout-101.app */;
			productType = "com.apple.product-type.application";
		};
/* End PBXNativeTarget section */

/* Begin PBXProject section */
		CAF0B33B1C6BA0BE00F200C4 /* Project object */ = {
			isa = PBXProject;
			attributes = {
				LastSwiftUpdateCheck = 0720;
				LastUpgradeCheck = 0720;
				ORGANIZATIONNAME = "Bronson Dupaix";
				TargetAttributes = {
					CAF0B3421C6BA0BE00F200C4 = {
						CreatedOnToolsVersion = 7.2.1;
					};
				};
			};
			buildConfigurationList = CAF0B33E1C6BA0BE00F200C4 /* Build configuration list for PBXProject "AutoLayout-101" */;
			compatibilityVersion = "Xcode 3.2";
			developmentRegion = English;
			hasScannedForEncodings = 0;
			knownRegions = (
				en,
				Base,
			);
			mainGroup = CAF0B33A1C6BA0BE00F200C4;
			productRefGroup = CAF0B3441C6BA0BE00F200C4 /* Products */;
			projectDirPath = "";
			projectRoot = "";
			targets = (
				CAF0B3421C6BA0BE00F200C4 /* AutoLayout-101 */,
			);
		};
/* End PBXProject section */

/* Begin PBXResourcesBuildPhase section */
		CAF0B3411C6BA0BE00F200C4 /* Resources */ = {
			isa = PBXResourcesBuildPhase;
			buildActionMask = 2147483647;
			files = (
				CAF0B3511C6BA0BE00F200C4 /* LaunchScreen.storyboard in Resources */,
				CAF0B34E1C6BA0BE00F200C4 /* Assets.xcassets in Resources */,
				CAF0B34C1C6BA0BE00F200C4 /* Main.storyboard in Resources */,
			);
			runOnlyForDeploymentPostprocessing = 0;
		};
/* End PBXResourcesBuildPhase section */

/* Begin PBXSourcesBuildPhase section */
		CAF0B33F1C6BA0BE00F200C4 /* Sources */ = {
			isa = PBXSourcesBuildPhase;
			buildActionMask = 2147483647;
			files = (
				CAF0B3491C6BA0BE00F200C4 /* ViewController.swift in Sources */,
				CAF0B3471C6BA0BE00F200C4 /* AppDelegate.swift in Sources */,
			);
			runOnlyForDeploymentPostprocessing = 0;
		};
/* End PBXSourcesBuildPhase section */

/* Begin PBXVariantGroup section */
		CAF0B34A1C6BA0BE00F200C4 /* Main.storyboard */ = {
			isa = PBXVariantGroup;
			children = (
				CAF0B34B1C6BA0BE00F200C4 /* Base */,
			);
			name = Main.storyboard;
			sourceTree = "<group>";
		};
		CAF0B34F1C6BA0BE00F200C4 /* LaunchScreen.storyboard */ = {
			isa = PBXVariantGroup;
			children = (
				CAF0B3501C6BA0BE00F200C4 /* Base */,
			);
			name = LaunchScreen.storyboard;
			sourceTree = "<group>";
		};
/* End PBXVariantGroup section */

/* Begin XCBuildConfiguration section */
		CAF0B3531C6BA0BE00F200C4 /* Debug */ = {
			isa = XCBuildConfiguration;
			buildSettings = {
				ALWAYS_SEARCH_USER_PATHS = NO;
				CLANG_CXX_LANGUAGE_STANDARD = "gnu++0x";
				CLANG_CXX_LIBRARY = "libc++";
				CLANG_ENABLE_MODULES = YES;
				CLANG_ENABLE_OBJC_ARC = YES;
				CLANG_WARN_BOOL_CONVERSION = YES;
				CLANG_WARN_CONSTANT_CONVERSION = YES;
				CLANG_WARN_DIRECT_OBJC_ISA_USAGE = YES_ERROR;
				CLANG_WARN_EMPTY_BODY = YES;
				CLANG_WARN_ENUM_CONVERSION = YES;
				CLANG_WARN_INT_CONVERSION = YES;
				CLANG_WARN_OBJC_ROOT_CLASS = YES_ERROR;
				CLANG_WARN_UNREACHABLE_CODE = YES;
				CLANG_WARN__DUPLICATE_METHOD_MATCH = YES;
				"CODE_SIGN_IDENTITY[sdk=iphoneos*]" = "iPhone Developer";
				COPY_PHASE_STRIP = NO;
				DEBUG_INFORMATION_FORMAT = dwarf;
				ENABLE_STRICT_OBJC_MSGSEND = YES;
				ENABLE_TESTABILITY = YES;
				GCC_C_LANGUAGE_STANDARD = gnu99;
				GCC_DYNAMIC_NO_PIC = NO;
				GCC_NO_COMMON_BLOCKS = YES;
				GCC_OPTIMIZATION_LEVEL = 0;
				GCC_PREPROCESSOR_DEFINITIONS = (
					"DEBUG=1",
					"$(inherited)",
				);
				GCC_WARN_64_TO_32_BIT_CONVERSION = YES;
				GCC_WARN_ABOUT_RETURN_TYPE = YES_ERROR;
				GCC_WARN_UNDECLARED_SELECTOR = YES;
				GCC_WARN_UNINITIALIZED_AUTOS = YES_AGGRESSIVE;
				GCC_WARN_UNUSED_FUNCTION = YES;
				GCC_WARN_UNUSED_VARIABLE = YES;
				IPHONEOS_DEPLOYMENT_TARGET = 9.2;
				MTL_ENABLE_DEBUG_INFO = YES;
				ONLY_ACTIVE_ARCH = YES;
				SDKROOT = iphoneos;
				SWIFT_OPTIMIZATION_LEVEL = "-Onone";
			};
			name = Debug;
		};
		CAF0B3541C6BA0BE00F200C4 /* Release */ = {
			isa = XCBuildConfiguration;
			buildSettings = {
				ALWAYS_SEARCH_USER_PATHS = NO;
				CLANG_CXX_LANGUAGE_STANDARD = "gnu++0x";
				CLANG_CXX_LIBRARY = "libc++";
				CLANG_ENABLE_MODULES = YES;
				CLANG_ENABLE_OBJC_ARC = YES;
				CLANG_WARN_BOOL_CONVERSION = YES;
				CLANG_WARN_CONSTANT_CONVERSION = YES;
				CLANG_WARN_DIRECT_OBJC_ISA_USAGE = YES_ERROR;
				CLANG_WARN_EMPTY_BODY = YES;
				CLANG_WARN_ENUM_CONVERSION = YES;
				CLANG_WARN_INT_CONVERSION = YES;
				CLANG_WARN_OBJC_ROOT_CLASS = YES_ERROR;
				CLANG_WARN_UNREACHABLE_CODE = YES;
				CLANG_WARN__DUPLICATE_METHOD_MATCH = YES;
				"CODE_SIGN_IDENTITY[sdk=iphoneos*]" = "iPhone Developer";
				COPY_PHASE_STRIP = NO;
				DEBUG_INFORMATION_FORMAT = "dwarf-with-dsym";
				ENABLE_NS_ASSERTIONS = NO;
				ENABLE_STRICT_OBJC_MSGSEND = YES;
				GCC_C_LANGUAGE_STANDARD = gnu99;
				GCC_NO_COMMON_BLOCKS = YES;
				GCC_WARN_64_TO_32_BIT_CONVERSION = YES;
				GCC_WARN_ABOUT_RETURN_TYPE = YES_ERROR;
				GCC_WARN_UNDECLARED_SELECTOR = YES;
				GCC_WARN_UNINITIALIZED_AUTOS = YES_AGGRESSIVE;
				GCC_WARN_UNUSED_FUNCTION = YES;
				GCC_WARN_UNUSED_VARIABLE = YES;
				IPHONEOS_DEPLOYMENT_TARGET = 9.2;
				MTL_ENABLE_DEBUG_INFO = NO;
				SDKROOT = iphoneos;
				VALIDATE_PRODUCT = YES;
			};
			name = Release;
		};
		CAF0B3561C6BA0BE00F200C4 /* Debug */ = {
			isa = XCBuildConfiguration;
			buildSettings = {
				ASSETCATALOG_COMPILER_APPICON_NAME = AppIcon;
				INFOPLIST_FILE = "AutoLayout-101/Info.plist";
				LD_RUNPATH_SEARCH_PATHS = "$(inherited) @executable_path/Frameworks";
				PRODUCT_BUNDLE_IDENTIFIER = "BronxDupaix.AutoLayout-101";
				PRODUCT_NAME = "$(TARGET_NAME)";
			};
			name = Debug;
		};
		CAF0B3571C6BA0BE00F200C4 /* Release */ = {
			isa = XCBuildConfiguration;
			buildSettings = {
				ASSETCATALOG_COMPILER_APPICON_NAME = AppIcon;
				INFOPLIST_FILE = "AutoLayout-101/Info.plist";
				LD_RUNPATH_SEARCH_PATHS = "$(inherited) @executable_path/Frameworks";
				PRODUCT_BUNDLE_IDENTIFIER = "BronxDupaix.AutoLayout-101";
				PRODUCT_NAME = "$(TARGET_NAME)";
			};
			name = Release;
		};
/* End XCBuildConfiguration section */

/* Begin XCConfigurationList section */
		CAF0B33E1C6BA0BE00F200C4 /* Build configuration list for PBXProject "AutoLayout-101" */ = {
			isa = XCConfigurationList;
			buildConfigurations = (
				CAF0B3531C6BA0BE00F200C4 /* Debug */,
				CAF0B3541C6BA0BE00F200C4 /* Release */,
			);
			defaultConfigurationIsVisible = 0;
			defaultConfigurationName = Release;
		};
		CAF0B3551C6BA0BE00F200C4 /* Build configuration list for PBXNativeTarget "AutoLayout-101" */ = {
			isa = XCConfigurationList;
			buildConfigurations = (
				CAF0B3561C6BA0BE00F200C4 /* Debug */,
				CAF0B3571C6BA0BE00F200C4 /* Release */,
			);
			defaultConfigurationIsVisible = 0;
		};
/* End XCConfigurationList section */
	};
	rootObject = CAF0B33B1C6BA0BE00F200C4 /* Project object */;
}
