// !$*UTF8*$!
{
	archiveVersion = 1;
	classes = {
	};
	objectVersion = 46;
	objects = {

/* Begin PBXBuildFile section */
		CACA54B31C5FC6E4006A0FF2 /* AppDelegate.swift in Sources */ = {isa = PBXBuildFile; fileRef = CACA54B21C5FC6E4006A0FF2 /* AppDelegate.swift */; };
		CACA54B51C5FC6E4006A0FF2 /* ViewController.swift in Sources */ = {isa = PBXBuildFile; fileRef = CACA54B41C5FC6E4006A0FF2 /* ViewController.swift */; };
		CACA54B81C5FC6E4006A0FF2 /* Main.storyboard in Resources */ = {isa = PBXBuildFile; fileRef = CACA54B61C5FC6E4006A0FF2 /* Main.storyboard */; };
		CACA54BA1C5FC6E4006A0FF2 /* Assets.xcassets in Resources */ = {isa = PBXBuildFile; fileRef = CACA54B91C5FC6E4006A0FF2 /* Assets.xcassets */; };
		CACA54BD1C5FC6E4006A0FF2 /* LaunchScreen.storyboard in Resources */ = {isa = PBXBuildFile; fileRef = CACA54BB1C5FC6E4006A0FF2 /* LaunchScreen.storyboard */; };
/* End PBXBuildFile section */

/* Begin PBXFileReference section */
		CACA54AF1C5FC6E4006A0FF2 /* Counter2.0.app */ = {isa = PBXFileReference; explicitFileType = wrapper.application; includeInIndex = 0; path = Counter2.0.app; sourceTree = BUILT_PRODUCTS_DIR; };
		CACA54B21C5FC6E4006A0FF2 /* AppDelegate.swift */ = {isa = PBXFileReference; lastKnownFileType = sourcecode.swift; path = AppDelegate.swift; sourceTree = "<group>"; };
		CACA54B41C5FC6E4006A0FF2 /* ViewController.swift */ = {isa = PBXFileReference; lastKnownFileType = sourcecode.swift; path = ViewController.swift; sourceTree = "<group>"; };
		CACA54B71C5FC6E4006A0FF2 /* Base */ = {isa = PBXFileReference; lastKnownFileType = file.storyboard; name = Base; path = Base.lproj/Main.storyboard; sourceTree = "<group>"; };
		CACA54B91C5FC6E4006A0FF2 /* Assets.xcassets */ = {isa = PBXFileReference; lastKnownFileType = folder.assetcatalog; path = Assets.xcassets; sourceTree = "<group>"; };
		CACA54BC1C5FC6E4006A0FF2 /* Base */ = {isa = PBXFileReference; lastKnownFileType = file.storyboard; name = Base; path = Base.lproj/LaunchScreen.storyboard; sourceTree = "<group>"; };
		CACA54BE1C5FC6E4006A0FF2 /* Info.plist */ = {isa = PBXFileReference; lastKnownFileType = text.plist.xml; path = Info.plist; sourceTree = "<group>"; };
/* End PBXFileReference section */

/* Begin PBXFrameworksBuildPhase section */
		CACA54AC1C5FC6E4006A0FF2 /* Frameworks */ = {
			isa = PBXFrameworksBuildPhase;
			buildActionMask = 2147483647;
			files = (
			);
			runOnlyForDeploymentPostprocessing = 0;
		};
/* End PBXFrameworksBuildPhase section */

/* Begin PBXGroup section */
		CACA54A61C5FC6E4006A0FF2 = {
			isa = PBXGroup;
			children = (
				CACA54B11C5FC6E4006A0FF2 /* Counter2.0 */,
				CACA54B01C5FC6E4006A0FF2 /* Products */,
			);
			sourceTree = "<group>";
		};
		CACA54B01C5FC6E4006A0FF2 /* Products */ = {
			isa = PBXGroup;
			children = (
				CACA54AF1C5FC6E4006A0FF2 /* Counter2.0.app */,
			);
			name = Products;
			sourceTree = "<group>";
		};
		CACA54B11C5FC6E4006A0FF2 /* Counter2.0 */ = {
			isa = PBXGroup;
			children = (
				CACA54B21C5FC6E4006A0FF2 /* AppDelegate.swift */,
				CACA54B41C5FC6E4006A0FF2 /* ViewController.swift */,
				CACA54B61C5FC6E4006A0FF2 /* Main.storyboard */,
				CACA54B91C5FC6E4006A0FF2 /* Assets.xcassets */,
				CACA54BB1C5FC6E4006A0FF2 /* LaunchScreen.storyboard */,
				CACA54BE1C5FC6E4006A0FF2 /* Info.plist */,
			);
			path = Counter2.0;
			sourceTree = "<group>";
		};
/* End PBXGroup section */

/* Begin PBXNativeTarget section */
		CACA54AE1C5FC6E4006A0FF2 /* Counter2.0 */ = {
			isa = PBXNativeTarget;
			buildConfigurationList = CACA54C11C5FC6E4006A0FF2 /* Build configuration list for PBXNativeTarget "Counter2.0" */;
			buildPhases = (
				CACA54AB1C5FC6E4006A0FF2 /* Sources */,
				CACA54AC1C5FC6E4006A0FF2 /* Frameworks */,
				CACA54AD1C5FC6E4006A0FF2 /* Resources */,
			);
			buildRules = (
			);
			dependencies = (
			);
			name = Counter2.0;
			productName = Counter2.0;
			productReference = CACA54AF1C5FC6E4006A0FF2 /* Counter2.0.app */;
			productType = "com.apple.product-type.application";
		};
/* End PBXNativeTarget section */

/* Begin PBXProject section */
		CACA54A71C5FC6E4006A0FF2 /* Project object */ = {
			isa = PBXProject;
			attributes = {
				LastSwiftUpdateCheck = 0720;
				LastUpgradeCheck = 0720;
				ORGANIZATIONNAME = "Bronson Dupaix";
				TargetAttributes = {
					CACA54AE1C5FC6E4006A0FF2 = {
						CreatedOnToolsVersion = 7.2;
					};
				};
			};
			buildConfigurationList = CACA54AA1C5FC6E4006A0FF2 /* Build configuration list for PBXProject "Counter2.0" */;
			compatibilityVersion = "Xcode 3.2";
			developmentRegion = English;
			hasScannedForEncodings = 0;
			knownRegions = (
				en,
				Base,
			);
			mainGroup = CACA54A61C5FC6E4006A0FF2;
			productRefGroup = CACA54B01C5FC6E4006A0FF2 /* Products */;
			projectDirPath = "";
			projectRoot = "";
			targets = (
				CACA54AE1C5FC6E4006A0FF2 /* Counter2.0 */,
			);
		};
/* End PBXProject section */

/* Begin PBXResourcesBuildPhase section */
		CACA54AD1C5FC6E4006A0FF2 /* Resources */ = {
			isa = PBXResourcesBuildPhase;
			buildActionMask = 2147483647;
			files = (
				CACA54BD1C5FC6E4006A0FF2 /* LaunchScreen.storyboard in Resources */,
				CACA54BA1C5FC6E4006A0FF2 /* Assets.xcassets in Resources */,
				CACA54B81C5FC6E4006A0FF2 /* Main.storyboard in Resources */,
			);
			runOnlyForDeploymentPostprocessing = 0;
		};
/* End PBXResourcesBuildPhase section */

/* Begin PBXSourcesBuildPhase section */
		CACA54AB1C5FC6E4006A0FF2 /* Sources */ = {
			isa = PBXSourcesBuildPhase;
			buildActionMask = 2147483647;
			files = (
				CACA54B51C5FC6E4006A0FF2 /* ViewController.swift in Sources */,
				CACA54B31C5FC6E4006A0FF2 /* AppDelegate.swift in Sources */,
			);
			runOnlyForDeploymentPostprocessing = 0;
		};
/* End PBXSourcesBuildPhase section */

/* Begin PBXVariantGroup section */
		CACA54B61C5FC6E4006A0FF2 /* Main.storyboard */ = {
			isa = PBXVariantGroup;
			children = (
				CACA54B71C5FC6E4006A0FF2 /* Base */,
			);
			name = Main.storyboard;
			sourceTree = "<group>";
		};
		CACA54BB1C5FC6E4006A0FF2 /* LaunchScreen.storyboard */ = {
			isa = PBXVariantGroup;
			children = (
				CACA54BC1C5FC6E4006A0FF2 /* Base */,
			);
			name = LaunchScreen.storyboard;
			sourceTree = "<group>";
		};
/* End PBXVariantGroup section */

/* Begin XCBuildConfiguration section */
		CACA54BF1C5FC6E4006A0FF2 /* Debug */ = {
			isa = XCBuildConfiguration;
			buildSettings = {
				ALWAYS_SEARCH_USER_PATHS = NO;
				CLANG_CXX_LANGUAGE_STANDARD = "gnu++0x";
				CLANG_CXX_LIBRARY = "libc++";
				CLANG_ENABLE_MODULES = YES;
				CLANG_ENABLE_OBJC_ARC = YES;
				CLANG_WARN_BOOL_CONVERSION = YES;
				CLANG_WARN_CONSTANT_CONVERSION = YES;
				CLANG_WARN_DIRECT_OBJC_ISA_USAGE = YES_ERROR;
				CLANG_WARN_EMPTY_BODY = YES;
				CLANG_WARN_ENUM_CONVERSION = YES;
				CLANG_WARN_INT_CONVERSION = YES;
				CLANG_WARN_OBJC_ROOT_CLASS = YES_ERROR;
				CLANG_WARN_UNREACHABLE_CODE = YES;
				CLANG_WARN__DUPLICATE_METHOD_MATCH = YES;
				"CODE_SIGN_IDENTITY[sdk=iphoneos*]" = "iPhone Developer";
				COPY_PHASE_STRIP = NO;
				DEBUG_INFORMATION_FORMAT = dwarf;
				ENABLE_STRICT_OBJC_MSGSEND = YES;
				ENABLE_TESTABILITY = YES;
				GCC_C_LANGUAGE_STANDARD = gnu99;
				GCC_DYNAMIC_NO_PIC = NO;
				GCC_NO_COMMON_BLOCKS = YES;
				GCC_OPTIMIZATION_LEVEL = 0;
				GCC_PREPROCESSOR_DEFINITIONS = (
					"DEBUG=1",
					"$(inherited)",
				);
				GCC_WARN_64_TO_32_BIT_CONVERSION = YES;
				GCC_WARN_ABOUT_RETURN_TYPE = YES_ERROR;
				GCC_WARN_UNDECLARED_SELECTOR = YES;
				GCC_WARN_UNINITIALIZED_AUTOS = YES_AGGRESSIVE;
				GCC_WARN_UNUSED_FUNCTION = YES;
				GCC_WARN_UNUSED_VARIABLE = YES;
				IPHONEOS_DEPLOYMENT_TARGET = 9.2;
				MTL_ENABLE_DEBUG_INFO = YES;
				ONLY_ACTIVE_ARCH = YES;
				SDKROOT = iphoneos;
				SWIFT_OPTIMIZATION_LEVEL = "-Onone";
			};
			name = Debug;
		};
		CACA54C01C5FC6E4006A0FF2 /* Release */ = {
			isa = XCBuildConfiguration;
			buildSettings = {
				ALWAYS_SEARCH_USER_PATHS = NO;
				CLANG_CXX_LANGUAGE_STANDARD = "gnu++0x";
				CLANG_CXX_LIBRARY = "libc++";
				CLANG_ENABLE_MODULES = YES;
				CLANG_ENABLE_OBJC_ARC = YES;
				CLANG_WARN_BOOL_CONVERSION = YES;
				CLANG_WARN_CONSTANT_CONVERSION = YES;
				CLANG_WARN_DIRECT_OBJC_ISA_USAGE = YES_ERROR;
				CLANG_WARN_EMPTY_BODY = YES;
				CLANG_WARN_ENUM_CONVERSION = YES;
				CLANG_WARN_INT_CONVERSION = YES;
				CLANG_WARN_OBJC_ROOT_CLASS = YES_ERROR;
				CLANG_WARN_UNREACHABLE_CODE = YES;
				CLANG_WARN__DUPLICATE_METHOD_MATCH = YES;
				"CODE_SIGN_IDENTITY[sdk=iphoneos*]" = "iPhone Developer";
				COPY_PHASE_STRIP = NO;
				DEBUG_INFORMATION_FORMAT = "dwarf-with-dsym";
				ENABLE_NS_ASSERTIONS = NO;
				ENABLE_STRICT_OBJC_MSGSEND = YES;
				GCC_C_LANGUAGE_STANDARD = gnu99;
				GCC_NO_COMMON_BLOCKS = YES;
				GCC_WARN_64_TO_32_BIT_CONVERSION = YES;
				GCC_WARN_ABOUT_RETURN_TYPE = YES_ERROR;
				GCC_WARN_UNDECLARED_SELECTOR = YES;
				GCC_WARN_UNINITIALIZED_AUTOS = YES_AGGRESSIVE;
				GCC_WARN_UNUSED_FUNCTION = YES;
				GCC_WARN_UNUSED_VARIABLE = YES;
				IPHONEOS_DEPLOYMENT_TARGET = 9.2;
				MTL_ENABLE_DEBUG_INFO = NO;
				SDKROOT = iphoneos;
				VALIDATE_PRODUCT = YES;
			};
			name = Release;
		};
		CACA54C21C5FC6E4006A0FF2 /* Debug */ = {
			isa = XCBuildConfiguration;
			buildSettings = {
				ASSETCATALOG_COMPILER_APPICON_NAME = AppIcon;
				INFOPLIST_FILE = Counter2.0/Info.plist;
				LD_RUNPATH_SEARCH_PATHS = "$(inherited) @executable_path/Frameworks";
				PRODUCT_BUNDLE_IDENTIFIER = "BronxDupaix.Counter2-0";
				PRODUCT_NAME = "$(TARGET_NAME)";
			};
			name = Debug;
		};
		CACA54C31C5FC6E4006A0FF2 /* Release */ = {
			isa = XCBuildConfiguration;
			buildSettings = {
				ASSETCATALOG_COMPILER_APPICON_NAME = AppIcon;
				INFOPLIST_FILE = Counter2.0/Info.plist;
				LD_RUNPATH_SEARCH_PATHS = "$(inherited) @executable_path/Frameworks";
				PRODUCT_BUNDLE_IDENTIFIER = "BronxDupaix.Counter2-0";
				PRODUCT_NAME = "$(TARGET_NAME)";
			};
			name = Release;
		};
/* End XCBuildConfiguration section */

/* Begin XCConfigurationList section */
		CACA54AA1C5FC6E4006A0FF2 /* Build configuration list for PBXProject "Counter2.0" */ = {
			isa = XCConfigurationList;
			buildConfigurations = (
				CACA54BF1C5FC6E4006A0FF2 /* Debug */,
				CACA54C01C5FC6E4006A0FF2 /* Release */,
			);
			defaultConfigurationIsVisible = 0;
			defaultConfigurationName = Release;
		};
		CACA54C11C5FC6E4006A0FF2 /* Build configuration list for PBXNativeTarget "Counter2.0" */ = {
			isa = XCConfigurationList;
			buildConfigurations = (
				CACA54C21C5FC6E4006A0FF2 /* Debug */,
				CACA54C31C5FC6E4006A0FF2 /* Release */,
			);
			defaultConfigurationIsVisible = 0;
		};
/* End XCConfigurationList section */
	};
	rootObject = CACA54A71C5FC6E4006A0FF2 /* Project object */;
}
