// !$*UTF8*$!
{
	archiveVersion = 1;
	classes = {
	};
	objectVersion = 46;
	objects = {

/* Begin PBXBuildFile section */
		CAEA61441C8B753B0022AAD4 /* AppDelegate.swift in Sources */ = {isa = PBXBuildFile; fileRef = CAEA61431C8B753B0022AAD4 /* AppDelegate.swift */; };
		CAEA61461C8B753B0022AAD4 /* ViewController.swift in Sources */ = {isa = PBXBuildFile; fileRef = CAEA61451C8B753B0022AAD4 /* ViewController.swift */; };
		CAEA61491C8B753B0022AAD4 /* Main.storyboard in Resources */ = {isa = PBXBuildFile; fileRef = CAEA61471C8B753B0022AAD4 /* Main.storyboard */; };
		CAEA614B1C8B753C0022AAD4 /* Assets.xcassets in Resources */ = {isa = PBXBuildFile; fileRef = CAEA614A1C8B753C0022AAD4 /* Assets.xcassets */; };
		CAEA614E1C8B753C0022AAD4 /* LaunchScreen.storyboard in Resources */ = {isa = PBXBuildFile; fileRef = CAEA614C1C8B753C0022AAD4 /* LaunchScreen.storyboard */; };
		CAEA61561C8B75E80022AAD4 /* StarWarsAPI .swift in Sources */ = {isa = PBXBuildFile; fileRef = CAEA61551C8B75E80022AAD4 /* StarWarsAPI .swift */; };
		CAEA61591C8B7AF30022AAD4 /* myDataModel.xcdatamodeld in Sources */ = {isa = PBXBuildFile; fileRef = CAEA61571C8B7AF30022AAD4 /* myDataModel.xcdatamodeld */; };
		CAEA615E1C8B7D2B0022AAD4 /* Person+CoreDataProperties.swift in Sources */ = {isa = PBXBuildFile; fileRef = CAEA615A1C8B7D2B0022AAD4 /* Person+CoreDataProperties.swift */; };
		CAEA615F1C8B7D2B0022AAD4 /* Person.swift in Sources */ = {isa = PBXBuildFile; fileRef = CAEA615B1C8B7D2B0022AAD4 /* Person.swift */; };
		CAEA61601C8B7D2B0022AAD4 /* Starship+CoreDataProperties.swift in Sources */ = {isa = PBXBuildFile; fileRef = CAEA615C1C8B7D2B0022AAD4 /* Starship+CoreDataProperties.swift */; };
		CAEA61611C8B7D2B0022AAD4 /* Starship.swift in Sources */ = {isa = PBXBuildFile; fileRef = CAEA615D1C8B7D2B0022AAD4 /* Starship.swift */; };
		CAEA61631C8B9C8A0022AAD4 /* DataController.swift in Sources */ = {isa = PBXBuildFile; fileRef = CAEA61621C8B9C8A0022AAD4 /* DataController.swift */; };
/* End PBXBuildFile section */

/* Begin PBXFileReference section */
		CAEA61401C8B753B0022AAD4 /* StarWarsAPI.app */ = {isa = PBXFileReference; explicitFileType = wrapper.application; includeInIndex = 0; path = StarWarsAPI.app; sourceTree = BUILT_PRODUCTS_DIR; };
		CAEA61431C8B753B0022AAD4 /* AppDelegate.swift */ = {isa = PBXFileReference; lastKnownFileType = sourcecode.swift; path = AppDelegate.swift; sourceTree = "<group>"; };
		CAEA61451C8B753B0022AAD4 /* ViewController.swift */ = {isa = PBXFileReference; lastKnownFileType = sourcecode.swift; path = ViewController.swift; sourceTree = "<group>"; };
		CAEA61481C8B753B0022AAD4 /* Base */ = {isa = PBXFileReference; lastKnownFileType = file.storyboard; name = Base; path = Base.lproj/Main.storyboard; sourceTree = "<group>"; };
		CAEA614A1C8B753C0022AAD4 /* Assets.xcassets */ = {isa = PBXFileReference; lastKnownFileType = folder.assetcatalog; path = Assets.xcassets; sourceTree = "<group>"; };
		CAEA614D1C8B753C0022AAD4 /* Base */ = {isa = PBXFileReference; lastKnownFileType = file.storyboard; name = Base; path = Base.lproj/LaunchScreen.storyboard; sourceTree = "<group>"; };
		CAEA614F1C8B753C0022AAD4 /* Info.plist */ = {isa = PBXFileReference; lastKnownFileType = text.plist.xml; path = Info.plist; sourceTree = "<group>"; };
		CAEA61551C8B75E80022AAD4 /* StarWarsAPI .swift */ = {isa = PBXFileReference; fileEncoding = 4; lastKnownFileType = sourcecode.swift; path = "StarWarsAPI .swift"; sourceTree = "<group>"; };
		CAEA61581C8B7AF30022AAD4 /* myDataModel.xcdatamodel */ = {isa = PBXFileReference; lastKnownFileType = wrapper.xcdatamodel; path = myDataModel.xcdatamodel; sourceTree = "<group>"; };
		CAEA615A1C8B7D2B0022AAD4 /* Person+CoreDataProperties.swift */ = {isa = PBXFileReference; fileEncoding = 4; lastKnownFileType = sourcecode.swift; path = "Person+CoreDataProperties.swift"; sourceTree = "<group>"; };
		CAEA615B1C8B7D2B0022AAD4 /* Person.swift */ = {isa = PBXFileReference; fileEncoding = 4; lastKnownFileType = sourcecode.swift; path = Person.swift; sourceTree = "<group>"; };
		CAEA615C1C8B7D2B0022AAD4 /* Starship+CoreDataProperties.swift */ = {isa = PBXFileReference; fileEncoding = 4; lastKnownFileType = sourcecode.swift; path = "Starship+CoreDataProperties.swift"; sourceTree = "<group>"; };
		CAEA615D1C8B7D2B0022AAD4 /* Starship.swift */ = {isa = PBXFileReference; fileEncoding = 4; lastKnownFileType = sourcecode.swift; path = Starship.swift; sourceTree = "<group>"; };
		CAEA61621C8B9C8A0022AAD4 /* DataController.swift */ = {isa = PBXFileReference; fileEncoding = 4; lastKnownFileType = sourcecode.swift; path = DataController.swift; sourceTree = "<group>"; };
/* End PBXFileReference section */

/* Begin PBXFrameworksBuildPhase section */
		CAEA613D1C8B753B0022AAD4 /* Frameworks */ = {
			isa = PBXFrameworksBuildPhase;
			buildActionMask = 2147483647;
			files = (
			);
			runOnlyForDeploymentPostprocessing = 0;
		};
/* End PBXFrameworksBuildPhase section */

/* Begin PBXGroup section */
		CAEA61371C8B753B0022AAD4 = {
			isa = PBXGroup;
			children = (
				CAEA61421C8B753B0022AAD4 /* StarWarsAPI */,
				CAEA61411C8B753B0022AAD4 /* Products */,
			);
			sourceTree = "<group>";
		};
		CAEA61411C8B753B0022AAD4 /* Products */ = {
			isa = PBXGroup;
			children = (
				CAEA61401C8B753B0022AAD4 /* StarWarsAPI.app */,
			);
			name = Products;
			sourceTree = "<group>";
		};
		CAEA61421C8B753B0022AAD4 /* StarWarsAPI */ = {
			isa = PBXGroup;
			children = (
				CAEA61431C8B753B0022AAD4 /* AppDelegate.swift */,
				CAEA61451C8B753B0022AAD4 /* ViewController.swift */,
				CAEA61551C8B75E80022AAD4 /* StarWarsAPI .swift */,
				CAEA61621C8B9C8A0022AAD4 /* DataController.swift */,
				CAEA61571C8B7AF30022AAD4 /* myDataModel.xcdatamodeld */,
				CAEA61471C8B753B0022AAD4 /* Main.storyboard */,
				CAEA614A1C8B753C0022AAD4 /* Assets.xcassets */,
				CAEA614C1C8B753C0022AAD4 /* LaunchScreen.storyboard */,
				CAEA614F1C8B753C0022AAD4 /* Info.plist */,
				CAEA615B1C8B7D2B0022AAD4 /* Person.swift */,
				CAEA615A1C8B7D2B0022AAD4 /* Person+CoreDataProperties.swift */,
				CAEA615D1C8B7D2B0022AAD4 /* Starship.swift */,
				CAEA615C1C8B7D2B0022AAD4 /* Starship+CoreDataProperties.swift */,
			);
			path = StarWarsAPI;
			sourceTree = "<group>";
		};
/* End PBXGroup section */

/* Begin PBXNativeTarget section */
		CAEA613F1C8B753B0022AAD4 /* StarWarsAPI */ = {
			isa = PBXNativeTarget;
			buildConfigurationList = CAEA61521C8B753C0022AAD4 /* Build configuration list for PBXNativeTarget "StarWarsAPI" */;
			buildPhases = (
				CAEA613C1C8B753B0022AAD4 /* Sources */,
				CAEA613D1C8B753B0022AAD4 /* Frameworks */,
				CAEA613E1C8B753B0022AAD4 /* Resources */,
			);
			buildRules = (
			);
			dependencies = (
			);
			name = StarWarsAPI;
			productName = StarWarsAPI;
			productReference = CAEA61401C8B753B0022AAD4 /* StarWarsAPI.app */;
			productType = "com.apple.product-type.application";
		};
/* End PBXNativeTarget section */

/* Begin PBXProject section */
		CAEA61381C8B753B0022AAD4 /* Project object */ = {
			isa = PBXProject;
			attributes = {
				LastSwiftUpdateCheck = 0720;
				LastUpgradeCheck = 0720;
				ORGANIZATIONNAME = "Bronson Dupaix";
				TargetAttributes = {
					CAEA613F1C8B753B0022AAD4 = {
						CreatedOnToolsVersion = 7.2.1;
						DevelopmentTeam = R99S6E3AYJ;
					};
				};
			};
			buildConfigurationList = CAEA613B1C8B753B0022AAD4 /* Build configuration list for PBXProject "StarWarsAPI" */;
			compatibilityVersion = "Xcode 3.2";
			developmentRegion = English;
			hasScannedForEncodings = 0;
			knownRegions = (
				en,
				Base,
			);
			mainGroup = CAEA61371C8B753B0022AAD4;
			productRefGroup = CAEA61411C8B753B0022AAD4 /* Products */;
			projectDirPath = "";
			projectRoot = "";
			targets = (
				CAEA613F1C8B753B0022AAD4 /* StarWarsAPI */,
			);
		};
/* End PBXProject section */

/* Begin PBXResourcesBuildPhase section */
		CAEA613E1C8B753B0022AAD4 /* Resources */ = {
			isa = PBXResourcesBuildPhase;
			buildActionMask = 2147483647;
			files = (
				CAEA614E1C8B753C0022AAD4 /* LaunchScreen.storyboard in Resources */,
				CAEA614B1C8B753C0022AAD4 /* Assets.xcassets in Resources */,
				CAEA61491C8B753B0022AAD4 /* Main.storyboard in Resources */,
			);
			runOnlyForDeploymentPostprocessing = 0;
		};
/* End PBXResourcesBuildPhase section */

/* Begin PBXSourcesBuildPhase section */
		CAEA613C1C8B753B0022AAD4 /* Sources */ = {
			isa = PBXSourcesBuildPhase;
			buildActionMask = 2147483647;
			files = (
				CAEA615F1C8B7D2B0022AAD4 /* Person.swift in Sources */,
				CAEA61461C8B753B0022AAD4 /* ViewController.swift in Sources */,
				CAEA61601C8B7D2B0022AAD4 /* Starship+CoreDataProperties.swift in Sources */,
				CAEA615E1C8B7D2B0022AAD4 /* Person+CoreDataProperties.swift in Sources */,
				CAEA61631C8B9C8A0022AAD4 /* DataController.swift in Sources */,
				CAEA61591C8B7AF30022AAD4 /* myDataModel.xcdatamodeld in Sources */,
				CAEA61561C8B75E80022AAD4 /* StarWarsAPI .swift in Sources */,
				CAEA61441C8B753B0022AAD4 /* AppDelegate.swift in Sources */,
				CAEA61611C8B7D2B0022AAD4 /* Starship.swift in Sources */,
			);
			runOnlyForDeploymentPostprocessing = 0;
		};
/* End PBXSourcesBuildPhase section */

/* Begin PBXVariantGroup section */
		CAEA61471C8B753B0022AAD4 /* Main.storyboard */ = {
			isa = PBXVariantGroup;
			children = (
				CAEA61481C8B753B0022AAD4 /* Base */,
			);
			name = Main.storyboard;
			sourceTree = "<group>";
		};
		CAEA614C1C8B753C0022AAD4 /* LaunchScreen.storyboard */ = {
			isa = PBXVariantGroup;
			children = (
				CAEA614D1C8B753C0022AAD4 /* Base */,
			);
			name = LaunchScreen.storyboard;
			sourceTree = "<group>";
		};
/* End PBXVariantGroup section */

/* Begin XCBuildConfiguration section */
		CAEA61501C8B753C0022AAD4 /* Debug */ = {
			isa = XCBuildConfiguration;
			buildSettings = {
				ALWAYS_SEARCH_USER_PATHS = NO;
				CLANG_CXX_LANGUAGE_STANDARD = "gnu++0x";
				CLANG_CXX_LIBRARY = "libc++";
				CLANG_ENABLE_MODULES = YES;
				CLANG_ENABLE_OBJC_ARC = YES;
				CLANG_WARN_BOOL_CONVERSION = YES;
				CLANG_WARN_CONSTANT_CONVERSION = YES;
				CLANG_WARN_DIRECT_OBJC_ISA_USAGE = YES_ERROR;
				CLANG_WARN_EMPTY_BODY = YES;
				CLANG_WARN_ENUM_CONVERSION = YES;
				CLANG_WARN_INT_CONVERSION = YES;
				CLANG_WARN_OBJC_ROOT_CLASS = YES_ERROR;
				CLANG_WARN_UNREACHABLE_CODE = YES;
				CLANG_WARN__DUPLICATE_METHOD_MATCH = YES;
				"CODE_SIGN_IDENTITY[sdk=iphoneos*]" = "iPhone Developer";
				COPY_PHASE_STRIP = NO;
				DEBUG_INFORMATION_FORMAT = dwarf;
				ENABLE_STRICT_OBJC_MSGSEND = YES;
				ENABLE_TESTABILITY = YES;
				GCC_C_LANGUAGE_STANDARD = gnu99;
				GCC_DYNAMIC_NO_PIC = NO;
				GCC_NO_COMMON_BLOCKS = YES;
				GCC_OPTIMIZATION_LEVEL = 0;
				GCC_PREPROCESSOR_DEFINITIONS = (
					"DEBUG=1",
					"$(inherited)",
				);
				GCC_WARN_64_TO_32_BIT_CONVERSION = YES;
				GCC_WARN_ABOUT_RETURN_TYPE = YES_ERROR;
				GCC_WARN_UNDECLARED_SELECTOR = YES;
				GCC_WARN_UNINITIALIZED_AUTOS = YES_AGGRESSIVE;
				GCC_WARN_UNUSED_FUNCTION = YES;
				GCC_WARN_UNUSED_VARIABLE = YES;
				IPHONEOS_DEPLOYMENT_TARGET = 9.2;
				MTL_ENABLE_DEBUG_INFO = YES;
				ONLY_ACTIVE_ARCH = YES;
				SDKROOT = iphoneos;
				SWIFT_OPTIMIZATION_LEVEL = "-Onone";
				TARGETED_DEVICE_FAMILY = "1,2";
			};
			name = Debug;
		};
		CAEA61511C8B753C0022AAD4 /* Release */ = {
			isa = XCBuildConfiguration;
			buildSettings = {
				ALWAYS_SEARCH_USER_PATHS = NO;
				CLANG_CXX_LANGUAGE_STANDARD = "gnu++0x";
				CLANG_CXX_LIBRARY = "libc++";
				CLANG_ENABLE_MODULES = YES;
				CLANG_ENABLE_OBJC_ARC = YES;
				CLANG_WARN_BOOL_CONVERSION = YES;
				CLANG_WARN_CONSTANT_CONVERSION = YES;
				CLANG_WARN_DIRECT_OBJC_ISA_USAGE = YES_ERROR;
				CLANG_WARN_EMPTY_BODY = YES;
				CLANG_WARN_ENUM_CONVERSION = YES;
				CLANG_WARN_INT_CONVERSION = YES;
				CLANG_WARN_OBJC_ROOT_CLASS = YES_ERROR;
				CLANG_WARN_UNREACHABLE_CODE = YES;
				CLANG_WARN__DUPLICATE_METHOD_MATCH = YES;
				"CODE_SIGN_IDENTITY[sdk=iphoneos*]" = "iPhone Developer";
				COPY_PHASE_STRIP = NO;
				DEBUG_INFORMATION_FORMAT = "dwarf-with-dsym";
				ENABLE_NS_ASSERTIONS = NO;
				ENABLE_STRICT_OBJC_MSGSEND = YES;
				GCC_C_LANGUAGE_STANDARD = gnu99;
				GCC_NO_COMMON_BLOCKS = YES;
				GCC_WARN_64_TO_32_BIT_CONVERSION = YES;
				GCC_WARN_ABOUT_RETURN_TYPE = YES_ERROR;
				GCC_WARN_UNDECLARED_SELECTOR = YES;
				GCC_WARN_UNINITIALIZED_AUTOS = YES_AGGRESSIVE;
				GCC_WARN_UNUSED_FUNCTION = YES;
				GCC_WARN_UNUSED_VARIABLE = YES;
				IPHONEOS_DEPLOYMENT_TARGET = 9.2;
				MTL_ENABLE_DEBUG_INFO = NO;
				SDKROOT = iphoneos;
				TARGETED_DEVICE_FAMILY = "1,2";
				VALIDATE_PRODUCT = YES;
			};
			name = Release;
		};
		CAEA61531C8B753C0022AAD4 /* Debug */ = {
			isa = XCBuildConfiguration;
			buildSettings = {
				ASSETCATALOG_COMPILER_APPICON_NAME = AppIcon;
				INFOPLIST_FILE = StarWarsAPI/Info.plist;
				LD_RUNPATH_SEARCH_PATHS = "$(inherited) @executable_path/Frameworks";
				PRODUCT_BUNDLE_IDENTIFIER = BronxDupaix.StarWarsAPI;
				PRODUCT_NAME = "$(TARGET_NAME)";
			};
			name = Debug;
		};
		CAEA61541C8B753C0022AAD4 /* Release */ = {
			isa = XCBuildConfiguration;
			buildSettings = {
				ASSETCATALOG_COMPILER_APPICON_NAME = AppIcon;
				INFOPLIST_FILE = StarWarsAPI/Info.plist;
				LD_RUNPATH_SEARCH_PATHS = "$(inherited) @executable_path/Frameworks";
				PRODUCT_BUNDLE_IDENTIFIER = BronxDupaix.StarWarsAPI;
				PRODUCT_NAME = "$(TARGET_NAME)";
			};
			name = Release;
		};
/* End XCBuildConfiguration section */

/* Begin XCConfigurationList section */
		CAEA613B1C8B753B0022AAD4 /* Build configuration list for PBXProject "StarWarsAPI" */ = {
			isa = XCConfigurationList;
			buildConfigurations = (
				CAEA61501C8B753C0022AAD4 /* Debug */,
				CAEA61511C8B753C0022AAD4 /* Release */,
			);
			defaultConfigurationIsVisible = 0;
			defaultConfigurationName = Release;
		};
		CAEA61521C8B753C0022AAD4 /* Build configuration list for PBXNativeTarget "StarWarsAPI" */ = {
			isa = XCConfigurationList;
			buildConfigurations = (
				CAEA61531C8B753C0022AAD4 /* Debug */,
				CAEA61541C8B753C0022AAD4 /* Release */,
			);
			defaultConfigurationIsVisible = 0;
		};
/* End XCConfigurationList section */

/* Begin XCVersionGroup section */
		CAEA61571C8B7AF30022AAD4 /* myDataModel.xcdatamodeld */ = {
			isa = XCVersionGroup;
			children = (
				CAEA61581C8B7AF30022AAD4 /* myDataModel.xcdatamodel */,
			);
			currentVersion = CAEA61581C8B7AF30022AAD4 /* myDataModel.xcdatamodel */;
			path = myDataModel.xcdatamodeld;
			sourceTree = "<group>";
			versionGroupType = wrapper.xcdatamodel;
		};
/* End XCVersionGroup section */
	};
	rootObject = CAEA61381C8B753B0022AAD4 /* Project object */;
}
