// !$*UTF8*$!
{
	archiveVersion = 1;
	classes = {
	};
	objectVersion = 46;
	objects = {

/* Begin PBXBuildFile section */
		CA3348171C88E5760023F802 /* AppDelegate.swift in Sources */ = {isa = PBXBuildFile; fileRef = CA3348161C88E5760023F802 /* AppDelegate.swift */; };
		CA3348191C88E5760023F802 /* ViewController.swift in Sources */ = {isa = PBXBuildFile; fileRef = CA3348181C88E5760023F802 /* ViewController.swift */; };
		CA33481C1C88E5760023F802 /* Main.storyboard in Resources */ = {isa = PBXBuildFile; fileRef = CA33481A1C88E5760023F802 /* Main.storyboard */; };
		CA33481E1C88E5760023F802 /* Assets.xcassets in Resources */ = {isa = PBXBuildFile; fileRef = CA33481D1C88E5760023F802 /* Assets.xcassets */; };
		CA3348211C88E5760023F802 /* LaunchScreen.storyboard in Resources */ = {isa = PBXBuildFile; fileRef = CA33481F1C88E5760023F802 /* LaunchScreen.storyboard */; };
		CA3348291C88E84A0023F802 /* PhotoCollectionViewCell.swift in Sources */ = {isa = PBXBuildFile; fileRef = CA3348281C88E84A0023F802 /* PhotoCollectionViewCell.swift */; };
/* End PBXBuildFile section */

/* Begin PBXFileReference section */
		CA3348131C88E5760023F802 /* SimpleCollectionView.app */ = {isa = PBXFileReference; explicitFileType = wrapper.application; includeInIndex = 0; path = SimpleCollectionView.app; sourceTree = BUILT_PRODUCTS_DIR; };
		CA3348161C88E5760023F802 /* AppDelegate.swift */ = {isa = PBXFileReference; lastKnownFileType = sourcecode.swift; path = AppDelegate.swift; sourceTree = "<group>"; };
		CA3348181C88E5760023F802 /* ViewController.swift */ = {isa = PBXFileReference; lastKnownFileType = sourcecode.swift; path = ViewController.swift; sourceTree = "<group>"; };
		CA33481B1C88E5760023F802 /* Base */ = {isa = PBXFileReference; lastKnownFileType = file.storyboard; name = Base; path = Base.lproj/Main.storyboard; sourceTree = "<group>"; };
		CA33481D1C88E5760023F802 /* Assets.xcassets */ = {isa = PBXFileReference; lastKnownFileType = folder.assetcatalog; path = Assets.xcassets; sourceTree = "<group>"; };
		CA3348201C88E5760023F802 /* Base */ = {isa = PBXFileReference; lastKnownFileType = file.storyboard; name = Base; path = Base.lproj/LaunchScreen.storyboard; sourceTree = "<group>"; };
		CA3348221C88E5760023F802 /* Info.plist */ = {isa = PBXFileReference; lastKnownFileType = text.plist.xml; path = Info.plist; sourceTree = "<group>"; };
		CA3348281C88E84A0023F802 /* PhotoCollectionViewCell.swift */ = {isa = PBXFileReference; fileEncoding = 4; lastKnownFileType = sourcecode.swift; path = PhotoCollectionViewCell.swift; sourceTree = "<group>"; };
/* End PBXFileReference section */

/* Begin PBXFrameworksBuildPhase section */
		CA3348101C88E5760023F802 /* Frameworks */ = {
			isa = PBXFrameworksBuildPhase;
			buildActionMask = 2147483647;
			files = (
			);
			runOnlyForDeploymentPostprocessing = 0;
		};
/* End PBXFrameworksBuildPhase section */

/* Begin PBXGroup section */
		CA33480A1C88E5760023F802 = {
			isa = PBXGroup;
			children = (
				CA3348151C88E5760023F802 /* SimpleCollectionView */,
				CA3348141C88E5760023F802 /* Products */,
			);
			sourceTree = "<group>";
		};
		CA3348141C88E5760023F802 /* Products */ = {
			isa = PBXGroup;
			children = (
				CA3348131C88E5760023F802 /* SimpleCollectionView.app */,
			);
			name = Products;
			sourceTree = "<group>";
		};
		CA3348151C88E5760023F802 /* SimpleCollectionView */ = {
			isa = PBXGroup;
			children = (
				CA3348161C88E5760023F802 /* AppDelegate.swift */,
				CA3348181C88E5760023F802 /* ViewController.swift */,
				CA33481A1C88E5760023F802 /* Main.storyboard */,
				CA3348281C88E84A0023F802 /* PhotoCollectionViewCell.swift */,
				CA33481D1C88E5760023F802 /* Assets.xcassets */,
				CA33481F1C88E5760023F802 /* LaunchScreen.storyboard */,
				CA3348221C88E5760023F802 /* Info.plist */,
			);
			path = SimpleCollectionView;
			sourceTree = "<group>";
		};
/* End PBXGroup section */

/* Begin PBXNativeTarget section */
		CA3348121C88E5760023F802 /* SimpleCollectionView */ = {
			isa = PBXNativeTarget;
			buildConfigurationList = CA3348251C88E5760023F802 /* Build configuration list for PBXNativeTarget "SimpleCollectionView" */;
			buildPhases = (
				CA33480F1C88E5760023F802 /* Sources */,
				CA3348101C88E5760023F802 /* Frameworks */,
				CA3348111C88E5760023F802 /* Resources */,
			);
			buildRules = (
			);
			dependencies = (
			);
			name = SimpleCollectionView;
			productName = SimpleCollectionView;
			productReference = CA3348131C88E5760023F802 /* SimpleCollectionView.app */;
			productType = "com.apple.product-type.application";
		};
/* End PBXNativeTarget section */

/* Begin PBXProject section */
		CA33480B1C88E5760023F802 /* Project object */ = {
			isa = PBXProject;
			attributes = {
				LastSwiftUpdateCheck = 0720;
				LastUpgradeCheck = 0720;
				ORGANIZATIONNAME = "Bronson Dupaix";
				TargetAttributes = {
					CA3348121C88E5760023F802 = {
						CreatedOnToolsVersion = 7.2.1;
						DevelopmentTeam = R99S6E3AYJ;
					};
				};
			};
			buildConfigurationList = CA33480E1C88E5760023F802 /* Build configuration list for PBXProject "SimpleCollectionView" */;
			compatibilityVersion = "Xcode 3.2";
			developmentRegion = English;
			hasScannedForEncodings = 0;
			knownRegions = (
				en,
				Base,
			);
			mainGroup = CA33480A1C88E5760023F802;
			productRefGroup = CA3348141C88E5760023F802 /* Products */;
			projectDirPath = "";
			projectRoot = "";
			targets = (
				CA3348121C88E5760023F802 /* SimpleCollectionView */,
			);
		};
/* End PBXProject section */

/* Begin PBXResourcesBuildPhase section */
		CA3348111C88E5760023F802 /* Resources */ = {
			isa = PBXResourcesBuildPhase;
			buildActionMask = 2147483647;
			files = (
				CA3348211C88E5760023F802 /* LaunchScreen.storyboard in Resources */,
				CA33481E1C88E5760023F802 /* Assets.xcassets in Resources */,
				CA33481C1C88E5760023F802 /* Main.storyboard in Resources */,
			);
			runOnlyForDeploymentPostprocessing = 0;
		};
/* End PBXResourcesBuildPhase section */

/* Begin PBXSourcesBuildPhase section */
		CA33480F1C88E5760023F802 /* Sources */ = {
			isa = PBXSourcesBuildPhase;
			buildActionMask = 2147483647;
			files = (
				CA3348191C88E5760023F802 /* ViewController.swift in Sources */,
				CA3348171C88E5760023F802 /* AppDelegate.swift in Sources */,
				CA3348291C88E84A0023F802 /* PhotoCollectionViewCell.swift in Sources */,
			);
			runOnlyForDeploymentPostprocessing = 0;
		};
/* End PBXSourcesBuildPhase section */

/* Begin PBXVariantGroup section */
		CA33481A1C88E5760023F802 /* Main.storyboard */ = {
			isa = PBXVariantGroup;
			children = (
				CA33481B1C88E5760023F802 /* Base */,
			);
			name = Main.storyboard;
			sourceTree = "<group>";
		};
		CA33481F1C88E5760023F802 /* LaunchScreen.storyboard */ = {
			isa = PBXVariantGroup;
			children = (
				CA3348201C88E5760023F802 /* Base */,
			);
			name = LaunchScreen.storyboard;
			sourceTree = "<group>";
		};
/* End PBXVariantGroup section */

/* Begin XCBuildConfiguration section */
		CA3348231C88E5760023F802 /* Debug */ = {
			isa = XCBuildConfiguration;
			buildSettings = {
				ALWAYS_SEARCH_USER_PATHS = NO;
				CLANG_CXX_LANGUAGE_STANDARD = "gnu++0x";
				CLANG_CXX_LIBRARY = "libc++";
				CLANG_ENABLE_MODULES = YES;
				CLANG_ENABLE_OBJC_ARC = YES;
				CLANG_WARN_BOOL_CONVERSION = YES;
				CLANG_WARN_CONSTANT_CONVERSION = YES;
				CLANG_WARN_DIRECT_OBJC_ISA_USAGE = YES_ERROR;
				CLANG_WARN_EMPTY_BODY = YES;
				CLANG_WARN_ENUM_CONVERSION = YES;
				CLANG_WARN_INT_CONVERSION = YES;
				CLANG_WARN_OBJC_ROOT_CLASS = YES_ERROR;
				CLANG_WARN_UNREACHABLE_CODE = YES;
				CLANG_WARN__DUPLICATE_METHOD_MATCH = YES;
				"CODE_SIGN_IDENTITY[sdk=iphoneos*]" = "iPhone Developer";
				COPY_PHASE_STRIP = NO;
				DEBUG_INFORMATION_FORMAT = dwarf;
				ENABLE_STRICT_OBJC_MSGSEND = YES;
				ENABLE_TESTABILITY = YES;
				GCC_C_LANGUAGE_STANDARD = gnu99;
				GCC_DYNAMIC_NO_PIC = NO;
				GCC_NO_COMMON_BLOCKS = YES;
				GCC_OPTIMIZATION_LEVEL = 0;
				GCC_PREPROCESSOR_DEFINITIONS = (
					"DEBUG=1",
					"$(inherited)",
				);
				GCC_WARN_64_TO_32_BIT_CONVERSION = YES;
				GCC_WARN_ABOUT_RETURN_TYPE = YES_ERROR;
				GCC_WARN_UNDECLARED_SELECTOR = YES;
				GCC_WARN_UNINITIALIZED_AUTOS = YES_AGGRESSIVE;
				GCC_WARN_UNUSED_FUNCTION = YES;
				GCC_WARN_UNUSED_VARIABLE = YES;
				IPHONEOS_DEPLOYMENT_TARGET = 9.2;
				MTL_ENABLE_DEBUG_INFO = YES;
				ONLY_ACTIVE_ARCH = YES;
				SDKROOT = iphoneos;
				SWIFT_OPTIMIZATION_LEVEL = "-Onone";
				TARGETED_DEVICE_FAMILY = "1,2";
			};
			name = Debug;
		};
		CA3348241C88E5760023F802 /* Release */ = {
			isa = XCBuildConfiguration;
			buildSettings = {
				ALWAYS_SEARCH_USER_PATHS = NO;
				CLANG_CXX_LANGUAGE_STANDARD = "gnu++0x";
				CLANG_CXX_LIBRARY = "libc++";
				CLANG_ENABLE_MODULES = YES;
				CLANG_ENABLE_OBJC_ARC = YES;
				CLANG_WARN_BOOL_CONVERSION = YES;
				CLANG_WARN_CONSTANT_CONVERSION = YES;
				CLANG_WARN_DIRECT_OBJC_ISA_USAGE = YES_ERROR;
				CLANG_WARN_EMPTY_BODY = YES;
				CLANG_WARN_ENUM_CONVERSION = YES;
				CLANG_WARN_INT_CONVERSION = YES;
				CLANG_WARN_OBJC_ROOT_CLASS = YES_ERROR;
				CLANG_WARN_UNREACHABLE_CODE = YES;
				CLANG_WARN__DUPLICATE_METHOD_MATCH = YES;
				"CODE_SIGN_IDENTITY[sdk=iphoneos*]" = "iPhone Developer";
				COPY_PHASE_STRIP = NO;
				DEBUG_INFORMATION_FORMAT = "dwarf-with-dsym";
				ENABLE_NS_ASSERTIONS = NO;
				ENABLE_STRICT_OBJC_MSGSEND = YES;
				GCC_C_LANGUAGE_STANDARD = gnu99;
				GCC_NO_COMMON_BLOCKS = YES;
				GCC_WARN_64_TO_32_BIT_CONVERSION = YES;
				GCC_WARN_ABOUT_RETURN_TYPE = YES_ERROR;
				GCC_WARN_UNDECLARED_SELECTOR = YES;
				GCC_WARN_UNINITIALIZED_AUTOS = YES_AGGRESSIVE;
				GCC_WARN_UNUSED_FUNCTION = YES;
				GCC_WARN_UNUSED_VARIABLE = YES;
				IPHONEOS_DEPLOYMENT_TARGET = 9.2;
				MTL_ENABLE_DEBUG_INFO = NO;
				SDKROOT = iphoneos;
				TARGETED_DEVICE_FAMILY = "1,2";
				VALIDATE_PRODUCT = YES;
			};
			name = Release;
		};
		CA3348261C88E5760023F802 /* Debug */ = {
			isa = XCBuildConfiguration;
			buildSettings = {
				ASSETCATALOG_COMPILER_APPICON_NAME = AppIcon;
				INFOPLIST_FILE = SimpleCollectionView/Info.plist;
				LD_RUNPATH_SEARCH_PATHS = "$(inherited) @executable_path/Frameworks";
				PRODUCT_BUNDLE_IDENTIFIER = BronxDupaix.SimpleCollectionView;
				PRODUCT_NAME = "$(TARGET_NAME)";
			};
			name = Debug;
		};
		CA3348271C88E5760023F802 /* Release */ = {
			isa = XCBuildConfiguration;
			buildSettings = {
				ASSETCATALOG_COMPILER_APPICON_NAME = AppIcon;
				INFOPLIST_FILE = SimpleCollectionView/Info.plist;
				LD_RUNPATH_SEARCH_PATHS = "$(inherited) @executable_path/Frameworks";
				PRODUCT_BUNDLE_IDENTIFIER = BronxDupaix.SimpleCollectionView;
				PRODUCT_NAME = "$(TARGET_NAME)";
			};
			name = Release;
		};
/* End XCBuildConfiguration section */

/* Begin XCConfigurationList section */
		CA33480E1C88E5760023F802 /* Build configuration list for PBXProject "SimpleCollectionView" */ = {
			isa = XCConfigurationList;
			buildConfigurations = (
				CA3348231C88E5760023F802 /* Debug */,
				CA3348241C88E5760023F802 /* Release */,
			);
			defaultConfigurationIsVisible = 0;
			defaultConfigurationName = Release;
		};
		CA3348251C88E5760023F802 /* Build configuration list for PBXNativeTarget "SimpleCollectionView" */ = {
			isa = XCConfigurationList;
			buildConfigurations = (
				CA3348261C88E5760023F802 /* Debug */,
				CA3348271C88E5760023F802 /* Release */,
			);
			defaultConfigurationIsVisible = 0;
		};
/* End XCConfigurationList section */
	};
	rootObject = CA33480B1C88E5760023F802 /* Project object */;
}
