// !$*UTF8*$!
{
	archiveVersion = 1;
	classes = {
	};
	objectVersion = 46;
	objects = {

/* Begin PBXBuildFile section */
		CA2F969B1C6B057800936B14 /* AppDelegate.swift in Sources */ = {isa = PBXBuildFile; fileRef = CA2F969A1C6B057800936B14 /* AppDelegate.swift */; };
		CA2F969D1C6B057800936B14 /* ViewController.swift in Sources */ = {isa = PBXBuildFile; fileRef = CA2F969C1C6B057800936B14 /* ViewController.swift */; };
		CA2F96A01C6B057800936B14 /* Main.storyboard in Resources */ = {isa = PBXBuildFile; fileRef = CA2F969E1C6B057800936B14 /* Main.storyboard */; };
		CA2F96A21C6B057800936B14 /* Assets.xcassets in Resources */ = {isa = PBXBuildFile; fileRef = CA2F96A11C6B057800936B14 /* Assets.xcassets */; };
		CA2F96A51C6B057800936B14 /* LaunchScreen.storyboard in Resources */ = {isa = PBXBuildFile; fileRef = CA2F96A31C6B057800936B14 /* LaunchScreen.storyboard */; };
/* End PBXBuildFile section */

/* Begin PBXFileReference section */
		CA2F96971C6B057800936B14 /* ReactionGame.app */ = {isa = PBXFileReference; explicitFileType = wrapper.application; includeInIndex = 0; path = ReactionGame.app; sourceTree = BUILT_PRODUCTS_DIR; };
		CA2F969A1C6B057800936B14 /* AppDelegate.swift */ = {isa = PBXFileReference; lastKnownFileType = sourcecode.swift; path = AppDelegate.swift; sourceTree = "<group>"; };
		CA2F969C1C6B057800936B14 /* ViewController.swift */ = {isa = PBXFileReference; lastKnownFileType = sourcecode.swift; path = ViewController.swift; sourceTree = "<group>"; };
		CA2F969F1C6B057800936B14 /* Base */ = {isa = PBXFileReference; lastKnownFileType = file.storyboard; name = Base; path = Base.lproj/Main.storyboard; sourceTree = "<group>"; };
		CA2F96A11C6B057800936B14 /* Assets.xcassets */ = {isa = PBXFileReference; lastKnownFileType = folder.assetcatalog; path = Assets.xcassets; sourceTree = "<group>"; };
		CA2F96A41C6B057800936B14 /* Base */ = {isa = PBXFileReference; lastKnownFileType = file.storyboard; name = Base; path = Base.lproj/LaunchScreen.storyboard; sourceTree = "<group>"; };
		CA2F96A61C6B057800936B14 /* Info.plist */ = {isa = PBXFileReference; lastKnownFileType = text.plist.xml; path = Info.plist; sourceTree = "<group>"; };
/* End PBXFileReference section */

/* Begin PBXFrameworksBuildPhase section */
		CA2F96941C6B057800936B14 /* Frameworks */ = {
			isa = PBXFrameworksBuildPhase;
			buildActionMask = 2147483647;
			files = (
			);
			runOnlyForDeploymentPostprocessing = 0;
		};
/* End PBXFrameworksBuildPhase section */

/* Begin PBXGroup section */
		CA2F968E1C6B057800936B14 = {
			isa = PBXGroup;
			children = (
				CA2F96991C6B057800936B14 /* ReactionGame */,
				CA2F96981C6B057800936B14 /* Products */,
			);
			sourceTree = "<group>";
		};
		CA2F96981C6B057800936B14 /* Products */ = {
			isa = PBXGroup;
			children = (
				CA2F96971C6B057800936B14 /* ReactionGame.app */,
			);
			name = Products;
			sourceTree = "<group>";
		};
		CA2F96991C6B057800936B14 /* ReactionGame */ = {
			isa = PBXGroup;
			children = (
				CA2F969A1C6B057800936B14 /* AppDelegate.swift */,
				CA2F969C1C6B057800936B14 /* ViewController.swift */,
				CA2F969E1C6B057800936B14 /* Main.storyboard */,
				CA2F96A11C6B057800936B14 /* Assets.xcassets */,
				CA2F96A31C6B057800936B14 /* LaunchScreen.storyboard */,
				CA2F96A61C6B057800936B14 /* Info.plist */,
			);
			path = ReactionGame;
			sourceTree = "<group>";
		};
/* End PBXGroup section */

/* Begin PBXNativeTarget section */
		CA2F96961C6B057800936B14 /* ReactionGame */ = {
			isa = PBXNativeTarget;
			buildConfigurationList = CA2F96A91C6B057800936B14 /* Build configuration list for PBXNativeTarget "ReactionGame" */;
			buildPhases = (
				CA2F96931C6B057800936B14 /* Sources */,
				CA2F96941C6B057800936B14 /* Frameworks */,
				CA2F96951C6B057800936B14 /* Resources */,
			);
			buildRules = (
			);
			dependencies = (
			);
			name = ReactionGame;
			productName = ReactionGame;
			productReference = CA2F96971C6B057800936B14 /* ReactionGame.app */;
			productType = "com.apple.product-type.application";
		};
/* End PBXNativeTarget section */

/* Begin PBXProject section */
		CA2F968F1C6B057800936B14 /* Project object */ = {
			isa = PBXProject;
			attributes = {
				LastSwiftUpdateCheck = 0720;
				LastUpgradeCheck = 0720;
				ORGANIZATIONNAME = "Bronson Dupaix";
				TargetAttributes = {
					CA2F96961C6B057800936B14 = {
						CreatedOnToolsVersion = 7.2.1;
					};
				};
			};
			buildConfigurationList = CA2F96921C6B057800936B14 /* Build configuration list for PBXProject "ReactionGame" */;
			compatibilityVersion = "Xcode 3.2";
			developmentRegion = English;
			hasScannedForEncodings = 0;
			knownRegions = (
				en,
				Base,
			);
			mainGroup = CA2F968E1C6B057800936B14;
			productRefGroup = CA2F96981C6B057800936B14 /* Products */;
			projectDirPath = "";
			projectRoot = "";
			targets = (
				CA2F96961C6B057800936B14 /* ReactionGame */,
			);
		};
/* End PBXProject section */

/* Begin PBXResourcesBuildPhase section */
		CA2F96951C6B057800936B14 /* Resources */ = {
			isa = PBXResourcesBuildPhase;
			buildActionMask = 2147483647;
			files = (
				CA2F96A51C6B057800936B14 /* LaunchScreen.storyboard in Resources */,
				CA2F96A21C6B057800936B14 /* Assets.xcassets in Resources */,
				CA2F96A01C6B057800936B14 /* Main.storyboard in Resources */,
			);
			runOnlyForDeploymentPostprocessing = 0;
		};
/* End PBXResourcesBuildPhase section */

/* Begin PBXSourcesBuildPhase section */
		CA2F96931C6B057800936B14 /* Sources */ = {
			isa = PBXSourcesBuildPhase;
			buildActionMask = 2147483647;
			files = (
				CA2F969D1C6B057800936B14 /* ViewController.swift in Sources */,
				CA2F969B1C6B057800936B14 /* AppDelegate.swift in Sources */,
			);
			runOnlyForDeploymentPostprocessing = 0;
		};
/* End PBXSourcesBuildPhase section */

/* Begin PBXVariantGroup section */
		CA2F969E1C6B057800936B14 /* Main.storyboard */ = {
			isa = PBXVariantGroup;
			children = (
				CA2F969F1C6B057800936B14 /* Base */,
			);
			name = Main.storyboard;
			sourceTree = "<group>";
		};
		CA2F96A31C6B057800936B14 /* LaunchScreen.storyboard */ = {
			isa = PBXVariantGroup;
			children = (
				CA2F96A41C6B057800936B14 /* Base */,
			);
			name = LaunchScreen.storyboard;
			sourceTree = "<group>";
		};
/* End PBXVariantGroup section */

/* Begin XCBuildConfiguration section */
		CA2F96A71C6B057800936B14 /* Debug */ = {
			isa = XCBuildConfiguration;
			buildSettings = {
				ALWAYS_SEARCH_USER_PATHS = NO;
				CLANG_CXX_LANGUAGE_STANDARD = "gnu++0x";
				CLANG_CXX_LIBRARY = "libc++";
				CLANG_ENABLE_MODULES = YES;
				CLANG_ENABLE_OBJC_ARC = YES;
				CLANG_WARN_BOOL_CONVERSION = YES;
				CLANG_WARN_CONSTANT_CONVERSION = YES;
				CLANG_WARN_DIRECT_OBJC_ISA_USAGE = YES_ERROR;
				CLANG_WARN_EMPTY_BODY = YES;
				CLANG_WARN_ENUM_CONVERSION = YES;
				CLANG_WARN_INT_CONVERSION = YES;
				CLANG_WARN_OBJC_ROOT_CLASS = YES_ERROR;
				CLANG_WARN_UNREACHABLE_CODE = YES;
				CLANG_WARN__DUPLICATE_METHOD_MATCH = YES;
				"CODE_SIGN_IDENTITY[sdk=iphoneos*]" = "iPhone Developer";
				COPY_PHASE_STRIP = NO;
				DEBUG_INFORMATION_FORMAT = dwarf;
				ENABLE_STRICT_OBJC_MSGSEND = YES;
				ENABLE_TESTABILITY = YES;
				GCC_C_LANGUAGE_STANDARD = gnu99;
				GCC_DYNAMIC_NO_PIC = NO;
				GCC_NO_COMMON_BLOCKS = YES;
				GCC_OPTIMIZATION_LEVEL = 0;
				GCC_PREPROCESSOR_DEFINITIONS = (
					"DEBUG=1",
					"$(inherited)",
				);
				GCC_WARN_64_TO_32_BIT_CONVERSION = YES;
				GCC_WARN_ABOUT_RETURN_TYPE = YES_ERROR;
				GCC_WARN_UNDECLARED_SELECTOR = YES;
				GCC_WARN_UNINITIALIZED_AUTOS = YES_AGGRESSIVE;
				GCC_WARN_UNUSED_FUNCTION = YES;
				GCC_WARN_UNUSED_VARIABLE = YES;
				IPHONEOS_DEPLOYMENT_TARGET = 9.2;
				MTL_ENABLE_DEBUG_INFO = YES;
				ONLY_ACTIVE_ARCH = YES;
				SDKROOT = iphoneos;
				SWIFT_OPTIMIZATION_LEVEL = "-Onone";
			};
			name = Debug;
		};
		CA2F96A81C6B057800936B14 /* Release */ = {
			isa = XCBuildConfiguration;
			buildSettings = {
				ALWAYS_SEARCH_USER_PATHS = NO;
				CLANG_CXX_LANGUAGE_STANDARD = "gnu++0x";
				CLANG_CXX_LIBRARY = "libc++";
				CLANG_ENABLE_MODULES = YES;
				CLANG_ENABLE_OBJC_ARC = YES;
				CLANG_WARN_BOOL_CONVERSION = YES;
				CLANG_WARN_CONSTANT_CONVERSION = YES;
				CLANG_WARN_DIRECT_OBJC_ISA_USAGE = YES_ERROR;
				CLANG_WARN_EMPTY_BODY = YES;
				CLANG_WARN_ENUM_CONVERSION = YES;
				CLANG_WARN_INT_CONVERSION = YES;
				CLANG_WARN_OBJC_ROOT_CLASS = YES_ERROR;
				CLANG_WARN_UNREACHABLE_CODE = YES;
				CLANG_WARN__DUPLICATE_METHOD_MATCH = YES;
				"CODE_SIGN_IDENTITY[sdk=iphoneos*]" = "iPhone Developer";
				COPY_PHASE_STRIP = NO;
				DEBUG_INFORMATION_FORMAT = "dwarf-with-dsym";
				ENABLE_NS_ASSERTIONS = NO;
				ENABLE_STRICT_OBJC_MSGSEND = YES;
				GCC_C_LANGUAGE_STANDARD = gnu99;
				GCC_NO_COMMON_BLOCKS = YES;
				GCC_WARN_64_TO_32_BIT_CONVERSION = YES;
				GCC_WARN_ABOUT_RETURN_TYPE = YES_ERROR;
				GCC_WARN_UNDECLARED_SELECTOR = YES;
				GCC_WARN_UNINITIALIZED_AUTOS = YES_AGGRESSIVE;
				GCC_WARN_UNUSED_FUNCTION = YES;
				GCC_WARN_UNUSED_VARIABLE = YES;
				IPHONEOS_DEPLOYMENT_TARGET = 9.2;
				MTL_ENABLE_DEBUG_INFO = NO;
				SDKROOT = iphoneos;
				VALIDATE_PRODUCT = YES;
			};
			name = Release;
		};
		CA2F96AA1C6B057800936B14 /* Debug */ = {
			isa = XCBuildConfiguration;
			buildSettings = {
				ASSETCATALOG_COMPILER_APPICON_NAME = AppIcon;
				INFOPLIST_FILE = ReactionGame/Info.plist;
				LD_RUNPATH_SEARCH_PATHS = "$(inherited) @executable_path/Frameworks";
				PRODUCT_BUNDLE_IDENTIFIER = BronxDupaix.ReactionGame;
				PRODUCT_NAME = "$(TARGET_NAME)";
			};
			name = Debug;
		};
		CA2F96AB1C6B057800936B14 /* Release */ = {
			isa = XCBuildConfiguration;
			buildSettings = {
				ASSETCATALOG_COMPILER_APPICON_NAME = AppIcon;
				INFOPLIST_FILE = ReactionGame/Info.plist;
				LD_RUNPATH_SEARCH_PATHS = "$(inherited) @executable_path/Frameworks";
				PRODUCT_BUNDLE_IDENTIFIER = BronxDupaix.ReactionGame;
				PRODUCT_NAME = "$(TARGET_NAME)";
			};
			name = Release;
		};
/* End XCBuildConfiguration section */

/* Begin XCConfigurationList section */
		CA2F96921C6B057800936B14 /* Build configuration list for PBXProject "ReactionGame" */ = {
			isa = XCConfigurationList;
			buildConfigurations = (
				CA2F96A71C6B057800936B14 /* Debug */,
				CA2F96A81C6B057800936B14 /* Release */,
			);
			defaultConfigurationIsVisible = 0;
			defaultConfigurationName = Release;
		};
		CA2F96A91C6B057800936B14 /* Build configuration list for PBXNativeTarget "ReactionGame" */ = {
			isa = XCConfigurationList;
			buildConfigurations = (
				CA2F96AA1C6B057800936B14 /* Debug */,
				CA2F96AB1C6B057800936B14 /* Release */,
			);
			defaultConfigurationIsVisible = 0;
		};
/* End XCConfigurationList section */
	};
	rootObject = CA2F968F1C6B057800936B14 /* Project object */;
}
