// !$*UTF8*$!
{
	archiveVersion = 1;
	classes = {
	};
	objectVersion = 46;
	objects = {

/* Begin PBXBuildFile section */
		CA2F966F1C6A524700936B14 /* AppDelegate.swift in Sources */ = {isa = PBXBuildFile; fileRef = CA2F966E1C6A524700936B14 /* AppDelegate.swift */; };
		CA2F96741C6A524700936B14 /* Main.storyboard in Resources */ = {isa = PBXBuildFile; fileRef = CA2F96721C6A524700936B14 /* Main.storyboard */; };
		CA2F96761C6A524700936B14 /* Assets.xcassets in Resources */ = {isa = PBXBuildFile; fileRef = CA2F96751C6A524700936B14 /* Assets.xcassets */; };
		CA2F96811C6A527200936B14 /* Bangers.ttf in Resources */ = {isa = PBXBuildFile; fileRef = CA2F96801C6A527200936B14 /* Bangers.ttf */; };
		CA2F96851C6A576C00936B14 /* TicketTableViewController.swift in Sources */ = {isa = PBXBuildFile; fileRef = CA2F96841C6A576C00936B14 /* TicketTableViewController.swift */; };
		CA2F96871C6A5C9A00936B14 /* TicketTableViewCell.swift in Sources */ = {isa = PBXBuildFile; fileRef = CA2F96861C6A5C9900936B14 /* TicketTableViewCell.swift */; };
		CA2F96891C6A5E8800936B14 /* Ticket.swift in Sources */ = {isa = PBXBuildFile; fileRef = CA2F96881C6A5E8800936B14 /* Ticket.swift */; };
		CA2F968B1C6A809900936B14 /* ViewController.swift in Sources */ = {isa = PBXBuildFile; fileRef = CA2F968A1C6A809900936B14 /* ViewController.swift */; };
		CA2F968D1C6A9B2F00936B14 /* LottoTicketViewController.swift in Sources */ = {isa = PBXBuildFile; fileRef = CA2F968C1C6A9B2F00936B14 /* LottoTicketViewController.swift */; };
/* End PBXBuildFile section */

/* Begin PBXFileReference section */
		CA2F966B1C6A524700936B14 /* Jackpot.app */ = {isa = PBXFileReference; explicitFileType = wrapper.application; includeInIndex = 0; path = Jackpot.app; sourceTree = BUILT_PRODUCTS_DIR; };
		CA2F966E1C6A524700936B14 /* AppDelegate.swift */ = {isa = PBXFileReference; lastKnownFileType = sourcecode.swift; path = AppDelegate.swift; sourceTree = "<group>"; };
		CA2F96731C6A524700936B14 /* Base */ = {isa = PBXFileReference; lastKnownFileType = file.storyboard; name = Base; path = Base.lproj/Main.storyboard; sourceTree = "<group>"; };
		CA2F96751C6A524700936B14 /* Assets.xcassets */ = {isa = PBXFileReference; lastKnownFileType = folder.assetcatalog; path = Assets.xcassets; sourceTree = "<group>"; };
		CA2F967A1C6A524700936B14 /* Info.plist */ = {isa = PBXFileReference; lastKnownFileType = text.plist.xml; path = Info.plist; sourceTree = "<group>"; };
		CA2F96801C6A527200936B14 /* Bangers.ttf */ = {isa = PBXFileReference; lastKnownFileType = file; path = Bangers.ttf; sourceTree = "<group>"; };
		CA2F96841C6A576C00936B14 /* TicketTableViewController.swift */ = {isa = PBXFileReference; fileEncoding = 4; lastKnownFileType = sourcecode.swift; path = TicketTableViewController.swift; sourceTree = "<group>"; };
		CA2F96861C6A5C9900936B14 /* TicketTableViewCell.swift */ = {isa = PBXFileReference; fileEncoding = 4; lastKnownFileType = sourcecode.swift; path = TicketTableViewCell.swift; sourceTree = "<group>"; };
		CA2F96881C6A5E8800936B14 /* Ticket.swift */ = {isa = PBXFileReference; fileEncoding = 4; lastKnownFileType = sourcecode.swift; path = Ticket.swift; sourceTree = "<group>"; };
		CA2F968A1C6A809900936B14 /* ViewController.swift */ = {isa = PBXFileReference; fileEncoding = 4; lastKnownFileType = sourcecode.swift; path = ViewController.swift; sourceTree = "<group>"; };
		CA2F968C1C6A9B2F00936B14 /* LottoTicketViewController.swift */ = {isa = PBXFileReference; fileEncoding = 4; lastKnownFileType = sourcecode.swift; path = LottoTicketViewController.swift; sourceTree = "<group>"; };
/* End PBXFileReference section */

/* Begin PBXFrameworksBuildPhase section */
		CA2F96681C6A524700936B14 /* Frameworks */ = {
			isa = PBXFrameworksBuildPhase;
			buildActionMask = 2147483647;
			files = (
			);
			runOnlyForDeploymentPostprocessing = 0;
		};
/* End PBXFrameworksBuildPhase section */

/* Begin PBXGroup section */
		CA2F96621C6A524700936B14 = {
			isa = PBXGroup;
			children = (
				CA2F966D1C6A524700936B14 /* Jackpot */,
				CA2F966C1C6A524700936B14 /* Products */,
			);
			sourceTree = "<group>";
		};
		CA2F966C1C6A524700936B14 /* Products */ = {
			isa = PBXGroup;
			children = (
				CA2F966B1C6A524700936B14 /* Jackpot.app */,
			);
			name = Products;
			sourceTree = "<group>";
		};
		CA2F966D1C6A524700936B14 /* Jackpot */ = {
			isa = PBXGroup;
			children = (
				CA2F966E1C6A524700936B14 /* AppDelegate.swift */,
				CA2F968A1C6A809900936B14 /* ViewController.swift */,
				CA2F96721C6A524700936B14 /* Main.storyboard */,
				CA2F968C1C6A9B2F00936B14 /* LottoTicketViewController.swift */,
				CA2F96861C6A5C9900936B14 /* TicketTableViewCell.swift */,
				CA2F96841C6A576C00936B14 /* TicketTableViewController.swift */,
				CA2F96881C6A5E8800936B14 /* Ticket.swift */,
				CA2F96801C6A527200936B14 /* Bangers.ttf */,
				CA2F967A1C6A524700936B14 /* Info.plist */,
				CA2F96751C6A524700936B14 /* Assets.xcassets */,
			);
			path = Jackpot;
			sourceTree = "<group>";
		};
/* End PBXGroup section */

/* Begin PBXNativeTarget section */
		CA2F966A1C6A524700936B14 /* Jackpot */ = {
			isa = PBXNativeTarget;
			buildConfigurationList = CA2F967D1C6A524700936B14 /* Build configuration list for PBXNativeTarget "Jackpot" */;
			buildPhases = (
				CA2F96671C6A524700936B14 /* Sources */,
				CA2F96681C6A524700936B14 /* Frameworks */,
				CA2F96691C6A524700936B14 /* Resources */,
			);
			buildRules = (
			);
			dependencies = (
			);
			name = Jackpot;
			productName = Jackpot;
			productReference = CA2F966B1C6A524700936B14 /* Jackpot.app */;
			productType = "com.apple.product-type.application";
		};
/* End PBXNativeTarget section */

/* Begin PBXProject section */
		CA2F96631C6A524700936B14 /* Project object */ = {
			isa = PBXProject;
			attributes = {
				LastSwiftUpdateCheck = 0720;
				LastUpgradeCheck = 0720;
				ORGANIZATIONNAME = "Bronson Dupaix";
				TargetAttributes = {
					CA2F966A1C6A524700936B14 = {
						CreatedOnToolsVersion = 7.2.1;
						DevelopmentTeam = R99S6E3AYJ;
					};
				};
			};
			buildConfigurationList = CA2F96661C6A524700936B14 /* Build configuration list for PBXProject "Jackpot" */;
			compatibilityVersion = "Xcode 3.2";
			developmentRegion = English;
			hasScannedForEncodings = 0;
			knownRegions = (
				en,
				Base,
			);
			mainGroup = CA2F96621C6A524700936B14;
			productRefGroup = CA2F966C1C6A524700936B14 /* Products */;
			projectDirPath = "";
			projectRoot = "";
			targets = (
				CA2F966A1C6A524700936B14 /* Jackpot */,
			);
		};
/* End PBXProject section */

/* Begin PBXResourcesBuildPhase section */
		CA2F96691C6A524700936B14 /* Resources */ = {
			isa = PBXResourcesBuildPhase;
			buildActionMask = 2147483647;
			files = (
				CA2F96811C6A527200936B14 /* Bangers.ttf in Resources */,
				CA2F96761C6A524700936B14 /* Assets.xcassets in Resources */,
				CA2F96741C6A524700936B14 /* Main.storyboard in Resources */,
			);
			runOnlyForDeploymentPostprocessing = 0;
		};
/* End PBXResourcesBuildPhase section */

/* Begin PBXSourcesBuildPhase section */
		CA2F96671C6A524700936B14 /* Sources */ = {
			isa = PBXSourcesBuildPhase;
			buildActionMask = 2147483647;
			files = (
				CA2F968B1C6A809900936B14 /* ViewController.swift in Sources */,
				CA2F968D1C6A9B2F00936B14 /* LottoTicketViewController.swift in Sources */,
				CA2F96851C6A576C00936B14 /* TicketTableViewController.swift in Sources */,
				CA2F96891C6A5E8800936B14 /* Ticket.swift in Sources */,
				CA2F966F1C6A524700936B14 /* AppDelegate.swift in Sources */,
				CA2F96871C6A5C9A00936B14 /* TicketTableViewCell.swift in Sources */,
			);
			runOnlyForDeploymentPostprocessing = 0;
		};
/* End PBXSourcesBuildPhase section */

/* Begin PBXVariantGroup section */
		CA2F96721C6A524700936B14 /* Main.storyboard */ = {
			isa = PBXVariantGroup;
			children = (
				CA2F96731C6A524700936B14 /* Base */,
			);
			name = Main.storyboard;
			sourceTree = "<group>";
		};
/* End PBXVariantGroup section */

/* Begin XCBuildConfiguration section */
		CA2F967B1C6A524700936B14 /* Debug */ = {
			isa = XCBuildConfiguration;
			buildSettings = {
				ALWAYS_SEARCH_USER_PATHS = NO;
				CLANG_CXX_LANGUAGE_STANDARD = "gnu++0x";
				CLANG_CXX_LIBRARY = "libc++";
				CLANG_ENABLE_MODULES = YES;
				CLANG_ENABLE_OBJC_ARC = YES;
				CLANG_WARN_BOOL_CONVERSION = YES;
				CLANG_WARN_CONSTANT_CONVERSION = YES;
				CLANG_WARN_DIRECT_OBJC_ISA_USAGE = YES_ERROR;
				CLANG_WARN_EMPTY_BODY = YES;
				CLANG_WARN_ENUM_CONVERSION = YES;
				CLANG_WARN_INT_CONVERSION = YES;
				CLANG_WARN_OBJC_ROOT_CLASS = YES_ERROR;
				CLANG_WARN_UNREACHABLE_CODE = YES;
				CLANG_WARN__DUPLICATE_METHOD_MATCH = YES;
				"CODE_SIGN_IDENTITY[sdk=iphoneos*]" = "iPhone Developer";
				COPY_PHASE_STRIP = NO;
				DEBUG_INFORMATION_FORMAT = dwarf;
				ENABLE_STRICT_OBJC_MSGSEND = YES;
				ENABLE_TESTABILITY = YES;
				GCC_C_LANGUAGE_STANDARD = gnu99;
				GCC_DYNAMIC_NO_PIC = NO;
				GCC_NO_COMMON_BLOCKS = YES;
				GCC_OPTIMIZATION_LEVEL = 0;
				GCC_PREPROCESSOR_DEFINITIONS = (
					"DEBUG=1",
					"$(inherited)",
				);
				GCC_WARN_64_TO_32_BIT_CONVERSION = YES;
				GCC_WARN_ABOUT_RETURN_TYPE = YES_ERROR;
				GCC_WARN_UNDECLARED_SELECTOR = YES;
				GCC_WARN_UNINITIALIZED_AUTOS = YES_AGGRESSIVE;
				GCC_WARN_UNUSED_FUNCTION = YES;
				GCC_WARN_UNUSED_VARIABLE = YES;
				IPHONEOS_DEPLOYMENT_TARGET = 9.2;
				MTL_ENABLE_DEBUG_INFO = YES;
				ONLY_ACTIVE_ARCH = YES;
				SDKROOT = iphoneos;
				SWIFT_OPTIMIZATION_LEVEL = "-Onone";
			};
			name = Debug;
		};
		CA2F967C1C6A524700936B14 /* Release */ = {
			isa = XCBuildConfiguration;
			buildSettings = {
				ALWAYS_SEARCH_USER_PATHS = NO;
				CLANG_CXX_LANGUAGE_STANDARD = "gnu++0x";
				CLANG_CXX_LIBRARY = "libc++";
				CLANG_ENABLE_MODULES = YES;
				CLANG_ENABLE_OBJC_ARC = YES;
				CLANG_WARN_BOOL_CONVERSION = YES;
				CLANG_WARN_CONSTANT_CONVERSION = YES;
				CLANG_WARN_DIRECT_OBJC_ISA_USAGE = YES_ERROR;
				CLANG_WARN_EMPTY_BODY = YES;
				CLANG_WARN_ENUM_CONVERSION = YES;
				CLANG_WARN_INT_CONVERSION = YES;
				CLANG_WARN_OBJC_ROOT_CLASS = YES_ERROR;
				CLANG_WARN_UNREACHABLE_CODE = YES;
				CLANG_WARN__DUPLICATE_METHOD_MATCH = YES;
				"CODE_SIGN_IDENTITY[sdk=iphoneos*]" = "iPhone Developer";
				COPY_PHASE_STRIP = NO;
				DEBUG_INFORMATION_FORMAT = "dwarf-with-dsym";
				ENABLE_NS_ASSERTIONS = NO;
				ENABLE_STRICT_OBJC_MSGSEND = YES;
				GCC_C_LANGUAGE_STANDARD = gnu99;
				GCC_NO_COMMON_BLOCKS = YES;
				GCC_WARN_64_TO_32_BIT_CONVERSION = YES;
				GCC_WARN_ABOUT_RETURN_TYPE = YES_ERROR;
				GCC_WARN_UNDECLARED_SELECTOR = YES;
				GCC_WARN_UNINITIALIZED_AUTOS = YES_AGGRESSIVE;
				GCC_WARN_UNUSED_FUNCTION = YES;
				GCC_WARN_UNUSED_VARIABLE = YES;
				IPHONEOS_DEPLOYMENT_TARGET = 9.2;
				MTL_ENABLE_DEBUG_INFO = NO;
				SDKROOT = iphoneos;
				VALIDATE_PRODUCT = YES;
			};
			name = Release;
		};
		CA2F967E1C6A524700936B14 /* Debug */ = {
			isa = XCBuildConfiguration;
			buildSettings = {
				ASSETCATALOG_COMPILER_APPICON_NAME = AppIcon;
				CODE_SIGN_IDENTITY = "iPhone Developer";
				"CODE_SIGN_IDENTITY[sdk=iphoneos*]" = "iPhone Developer";
				INFOPLIST_FILE = Jackpot/Info.plist;
				LD_RUNPATH_SEARCH_PATHS = "$(inherited) @executable_path/Frameworks";
				PRODUCT_BUNDLE_IDENTIFIER = BronxDupaix.Jackpot;
				PRODUCT_NAME = "$(TARGET_NAME)";
				PROVISIONING_PROFILE = "";
			};
			name = Debug;
		};
		CA2F967F1C6A524700936B14 /* Release */ = {
			isa = XCBuildConfiguration;
			buildSettings = {
				ASSETCATALOG_COMPILER_APPICON_NAME = AppIcon;
				CODE_SIGN_IDENTITY = "iPhone Developer";
				"CODE_SIGN_IDENTITY[sdk=iphoneos*]" = "iPhone Developer";
				INFOPLIST_FILE = Jackpot/Info.plist;
				LD_RUNPATH_SEARCH_PATHS = "$(inherited) @executable_path/Frameworks";
				PRODUCT_BUNDLE_IDENTIFIER = BronxDupaix.Jackpot;
				PRODUCT_NAME = "$(TARGET_NAME)";
				PROVISIONING_PROFILE = "";
			};
			name = Release;
		};
/* End XCBuildConfiguration section */

/* Begin XCConfigurationList section */
		CA2F96661C6A524700936B14 /* Build configuration list for PBXProject "Jackpot" */ = {
			isa = XCConfigurationList;
			buildConfigurations = (
				CA2F967B1C6A524700936B14 /* Debug */,
				CA2F967C1C6A524700936B14 /* Release */,
			);
			defaultConfigurationIsVisible = 0;
			defaultConfigurationName = Release;
		};
		CA2F967D1C6A524700936B14 /* Build configuration list for PBXNativeTarget "Jackpot" */ = {
			isa = XCConfigurationList;
			buildConfigurations = (
				CA2F967E1C6A524700936B14 /* Debug */,
				CA2F967F1C6A524700936B14 /* Release */,
			);
			defaultConfigurationIsVisible = 0;
			defaultConfigurationName = Release;
		};
/* End XCConfigurationList section */
	};
	rootObject = CA2F96631C6A524700936B14 /* Project object */;
}
